PODS:
  - SwiftFormat/CLI (0.53.5)
  - SwiftLint (0.55.1)

DEPENDENCIES:
  - SwiftFormat/CLI (= 0.53.5)
  - SwiftLint (= 0.55.1)

SPEC REPOS:
  trunk:
    - SwiftFormat
    - SwiftLint

SPEC CHECKSUMS:
  SwiftFormat: 57d49d9a63f4249c625b1e623fb9fde0c30cae9d
  SwiftLint: 3fe909719babe5537c552ee8181c0031392be933

PODFILE CHECKSUM: 8bbb159095b662d9ea674fc3a2b1a5cac92288d9

COCOAPODS: 1.15.2
