PODS:
  - SwiftFormat/CLI (0.54.0)
  - SwiftLint (0.55.1)

DEPENDENCIES:
  - SwiftFormat/CLI (= 0.54.0)
  - SwiftLint (= 0.55.1)

SPEC REPOS:
  trunk:
    - SwiftFormat
    - SwiftLint

SPEC CHECKSUMS:
  SwiftFormat: 0e0b577434e6aa63bc82a8905b40d9597b8452d4
  SwiftLint: 3fe909719babe5537c552ee8181c0031392be933

PODFILE CHECKSUM: 9d783b4c486476818ae012a2aa3b1094017440aa

COCOAPODS: 1.15.2
