PODS:
  - SwiftFormat/CLI (0.53.5)
  - SwiftLint (0.54.0)

DEPENDENCIES:
  - SwiftFormat/CLI (= 0.53.5)
  - SwiftLint (= 0.54.0)

SPEC REPOS:
  trunk:
    - SwiftFormat
    - SwiftLint

SPEC CHECKSUMS:
  SwiftFormat: 57d49d9a63f4249c625b1e623fb9fde0c30cae9d
  SwiftLint: c1de071d9d08c8aba837545f6254315bc900e211

PODFILE CHECKSUM: 4e3c662440ac9552fc63ae26b36bf60f8df7241a

COCOAPODS: 1.15.2
