PODS:
  - SwiftFormat/CLI (0.56.1)
  - SwiftLint (0.59.1)

DEPENDENCIES:
  - SwiftFormat/CLI (= 0.56.1)
  - SwiftLint (= 0.59.1)

SPEC REPOS:
  trunk:
    - SwiftFormat
    - SwiftLint

SPEC CHECKSUMS:
  SwiftFormat: d24d5d54cf47c9cc9967bda974d7cf6859ffc161
  SwiftLint: 3d48e2fb2a3468fdaccf049e5e755df22fb40c2c

PODFILE CHECKSUM: 29632924f5613db97394cec0df7c7c2e572377f8

COCOAPODS: 1.16.2
