PODS:
  - SwiftFormat/CLI (0.55.6)
  - SwiftLint (0.59.1)

DEPENDENCIES:
  - SwiftFormat/CLI (= 0.55.6)
  - SwiftLint (= 0.59.1)

SPEC REPOS:
  trunk:
    - SwiftFormat
    - SwiftLint

SPEC CHECKSUMS:
  SwiftFormat: d850c6a52209093e23058b760a065a9270bab262
  SwiftLint: 3d48e2fb2a3468fdaccf049e5e755df22fb40c2c

PODFILE CHECKSUM: c5e7844a19687a7d48a53f41eef38f897fdd6405

COCOAPODS: 1.16.2
