{
  "originHash" : "21d0aa8cf7685e6209cc9f9ec06bb5d42fa69d86d05f0fc89c33b496d6673351",
  "pins" : [
    {
      "identity" : "swift-docc-plugin",
      "kind" : "remoteSourceControl",
      "location" : "https://github.com/apple/swift-docc-plugin",
      "state" : {
        "revision" : "2eb22993b3dfd0c0d32729b357c8dabb6cd44680",
        "version" : "1.4.2"
      }
    },
    {
      "identity" : "swift-docc-symbolkit",
      "kind" : "remoteSourceControl",
      "location" : "https://github.com/swiftlang/swift-docc-symbolkit",
      "state" : {
        "revision" : "b45d1f2ed151d057b54504d653e0da5552844e34",
        "version" : "1.0.0"
      }
    }
  ],
  "version" : 3
}
