PODS:
  - SwiftFormat/CLI (0.54.6)
  - SwiftLint (0.57.0)

DEPENDENCIES:
  - SwiftFormat/CLI (= 0.54.6)
  - SwiftLint (= 0.57.0)

SPEC REPOS:
  trunk:
    - SwiftFormat
    - SwiftLint

SPEC CHECKSUMS:
  SwiftFormat: 9f26de7d1d46de100e4d66bec289531b119fc057
  SwiftLint: eb47480d47c982481592c195c221d11013a679cc

PODFILE CHECKSUM: 2875b3ba11f8c52a1dfa7a27eb0fc8d3301b87ea

COCOAPODS: 1.15.2
