PODS:
  - SwiftFormat/CLI (0.54.0)
  - SwiftLint (0.56.1)

DEPENDENCIES:
  - SwiftFormat/CLI (= 0.54.0)
  - SwiftLint (= 0.56.1)

SPEC REPOS:
  trunk:
    - SwiftFormat
    - SwiftLint

SPEC CHECKSUMS:
  SwiftFormat: 0e0b577434e6aa63bc82a8905b40d9597b8452d4
  SwiftLint: c5fa0b7eece474d43d2178b581a1242a16267347

PODFILE CHECKSUM: 294e7d4b6c71d77a01d1372995ff4435b7268e7b

COCOAPODS: 1.15.2
