PODS:
  - SwiftFormat/CLI (0.54.3)
  - SwiftLint (0.56.1)

DEPENDENCIES:
  - SwiftFormat/CLI (= 0.54.3)
  - SwiftLint (= 0.56.1)

SPEC REPOS:
  trunk:
    - SwiftFormat
    - SwiftLint

SPEC CHECKSUMS:
  SwiftFormat: 0e575b1d412d27cd5906c59fab64a806ba8f2b8e
  SwiftLint: c5fa0b7eece474d43d2178b581a1242a16267347

PODFILE CHECKSUM: d4eaef68c29378eeba698b5b3aa1a53cad7903d2

COCOAPODS: 1.15.2
