// !$*UTF8*$!
{
	archiveVersion = 1;
	classes = {
	};
	objectVersion = 56;
	objects = {

/* Begin PBXAggregateTarget section */
		5123647C2C3D7D6F00572FD5 /* Periphery */ = {
			isa = PBXAggregateTarget;
			buildConfigurationList = 5123647D2C3D7D6F00572FD5 /* Build configuration list for PBXAggregateTarget "Periphery" */;
			buildPhases = (
				512364802C3D7D8300572FD5 /* Run Periphery (for dead code analysis) */,
			);
			dependencies = (
			);
			name = Periphery;
			productName = Periphery;
		};
/* End PBXAggregateTarget section */

/* Begin PBXBuildFile section */
		070C35622C75EB1C0029C6A8 /* OUDS in Frameworks */ = {isa = PBXBuildFile; productRef = 070C35612C75EB1C0029C6A8 /* OUDS */; };
		070C35642C773A0D0029C6A8 /* OUDSThemesInverse in Frameworks */ = {isa = PBXBuildFile; productRef = 070C35632C773A0D0029C6A8 /* OUDSThemesInverse */; };
		070C35662C7762B90029C6A8 /* OUDSModules in Frameworks */ = {isa = PBXBuildFile; productRef = 070C35652C7762B90029C6A8 /* OUDSModules */; };
		070DF8B12CDD07F20043D558 /* GrisTokenPage.swift in Sources */ = {isa = PBXBuildFile; fileRef = 070DF8AF2CDD07F20043D558 /* GrisTokenPage.swift */; };
		070DF8B22CDD07F20043D558 /* GridTokenElement.swift in Sources */ = {isa = PBXBuildFile; fileRef = 070DF8AE2CDD07F20043D558 /* GridTokenElement.swift */; };
		0722151C2CF616B100B4E031 /* NameSpace+PaddingStackWithIcon.swift in Sources */ = {isa = PBXBuildFile; fileRef = 0722151B2CF616B100B4E031 /* NameSpace+PaddingStackWithIcon.swift */; };
		0722151D2CF616B100B4E031 /* NameSpace+PaddingStackWithIcon.swift in Sources */ = {isa = PBXBuildFile; fileRef = 0722151B2CF616B100B4E031 /* NameSpace+PaddingStackWithIcon.swift */; };
		073543112CA154DE001187EA /* Card.swift in Sources */ = {isa = PBXBuildFile; fileRef = 073543102CA154DE001187EA /* Card.swift */; };
		073543132CA1676C001187EA /* Colors.xcassets in Resources */ = {isa = PBXBuildFile; fileRef = 073543122CA1676C001187EA /* Colors.xcassets */; };
		073543162CA17275001187EA /* ShowcaseElement.swift in Sources */ = {isa = PBXBuildFile; fileRef = 073543152CA17275001187EA /* ShowcaseElement.swift */; };
		073543182CA172CA001187EA /* TypographyTokenElement.swift in Sources */ = {isa = PBXBuildFile; fileRef = 073543172CA172CA001187EA /* TypographyTokenElement.swift */; };
		0735431B2CA18C48001187EA /* TypographyTokenPage.swift in Sources */ = {isa = PBXBuildFile; fileRef = 0735431A2CA18C48001187EA /* TypographyTokenPage.swift */; };
		0735432A2CA192F9001187EA /* TokenElement.swift in Sources */ = {isa = PBXBuildFile; fileRef = 073543222CA192F9001187EA /* TokenElement.swift */; };
		0740A99A2C9874670069D24A /* SnapshotTesting in Frameworks */ = {isa = PBXBuildFile; productRef = 0740A9992C9874670069D24A /* SnapshotTesting */; };
		0740A99B2C9874E70069D24A /* Snapshot.swift in Sources */ = {isa = PBXBuildFile; fileRef = 074008222C942810006B8729 /* Snapshot.swift */; };
		0747947A2CAE882A0033C2D8 /* EmptyState.swift in Sources */ = {isa = PBXBuildFile; fileRef = 074794792CAE882A0033C2D8 /* EmptyState.swift */; };
		075114DB2CB7D28D00B8B759 /* SizeTokenElement.swift in Sources */ = {isa = PBXBuildFile; fileRef = 075114D82CB7D28D00B8B759 /* SizeTokenElement.swift */; };
		075114DC2CB7D28D00B8B759 /* SizeTokenPage.swift in Sources */ = {isa = PBXBuildFile; fileRef = 075114D92CB7D28D00B8B759 /* SizeTokenPage.swift */; };
		075114E02CB7FDC200B8B759 /* ColorTokenElement.swift in Sources */ = {isa = PBXBuildFile; fileRef = 075114DE2CB7FDC200B8B759 /* ColorTokenElement.swift */; };
		075114E12CB7FDC200B8B759 /* ColorTokenPage.swift in Sources */ = {isa = PBXBuildFile; fileRef = 075114DF2CB7FDC200B8B759 /* ColorTokenPage.swift */; };
		075114E82CB81F0E00B8B759 /* ShowcaseTokenIllustration.swift in Sources */ = {isa = PBXBuildFile; fileRef = 075114E72CB81F0E00B8B759 /* ShowcaseTokenIllustration.swift */; };
		075C71332CEB743300B93FC3 /* SpaceTokenCommonIllustration.swift in Sources */ = {isa = PBXBuildFile; fileRef = 075C71322CEB743300B93FC3 /* SpaceTokenCommonIllustration.swift */; };
		075C71352CEB9BD200B93FC3 /* ShowcaseTokkenIllustrationBackground.swift in Sources */ = {isa = PBXBuildFile; fileRef = 075C71342CEB9BD200B93FC3 /* ShowcaseTokkenIllustrationBackground.swift */; };
		075C71372CECC3D800B93FC3 /* SpacePaddingTokenIllustrations.swift in Sources */ = {isa = PBXBuildFile; fileRef = 075C71362CECC3D800B93FC3 /* SpacePaddingTokenIllustrations.swift */; };
		075C71392CECC50F00B93FC3 /* SpaceBasicTokenIllustrations.swift in Sources */ = {isa = PBXBuildFile; fileRef = 075C71382CECC50F00B93FC3 /* SpaceBasicTokenIllustrations.swift */; };
		075C713B2CECC7DA00B93FC3 /* SpaceGapTokenIllustrations.swift in Sources */ = {isa = PBXBuildFile; fileRef = 075C713A2CECC7DA00B93FC3 /* SpaceGapTokenIllustrations.swift */; };
		0765B4942CC1597C00E69359 /* NamedColor+Background.swift in Sources */ = {isa = PBXBuildFile; fileRef = 0765B4932CC1597C00E69359 /* NamedColor+Background.swift */; };
		0765B4962CC159F600E69359 /* NamedColor+Action.swift in Sources */ = {isa = PBXBuildFile; fileRef = 0765B4952CC159F600E69359 /* NamedColor+Action.swift */; };
		0765B4982CC15A4000E69359 /* NamedColor+Always.swift in Sources */ = {isa = PBXBuildFile; fileRef = 0765B4972CC15A4000E69359 /* NamedColor+Always.swift */; };
		0765B49A2CC15ACE00E69359 /* NamedColor+Border.swift in Sources */ = {isa = PBXBuildFile; fileRef = 0765B4992CC15ACE00E69359 /* NamedColor+Border.swift */; };
		0765B49C2CC15B2E00E69359 /* NamedColor+Elevation.swift in Sources */ = {isa = PBXBuildFile; fileRef = 0765B49B2CC15B2E00E69359 /* NamedColor+Elevation.swift */; };
		0765B49E2CC15B7E00E69359 /* NamedColor+Decorative.swift in Sources */ = {isa = PBXBuildFile; fileRef = 0765B49D2CC15B7E00E69359 /* NamedColor+Decorative.swift */; };
		0765B4A02CC15BBC00E69359 /* NamedColor+Content.swift in Sources */ = {isa = PBXBuildFile; fileRef = 0765B49F2CC15BBC00E69359 /* NamedColor+Content.swift */; };
		0765B4A42CC15C3E00E69359 /* NamedColor+Chart.swift in Sources */ = {isa = PBXBuildFile; fileRef = 0765B4A32CC15C3E00E69359 /* NamedColor+Chart.swift */; };
		0765B4A62CC15C9D00E69359 /* NamedColor.swift in Sources */ = {isa = PBXBuildFile; fileRef = 0765B4A52CC15C9D00E69359 /* NamedColor.swift */; };
		077CCE572CB426090059CC28 /* SpaceTokenElement.swift in Sources */ = {isa = PBXBuildFile; fileRef = 077CCE512CB426090059CC28 /* SpaceTokenElement.swift */; };
		077CCE582CB426090059CC28 /* SpaceTokenPage.swift in Sources */ = {isa = PBXBuildFile; fileRef = 077CCE522CB426090059CC28 /* SpaceTokenPage.swift */; };
		077CCE592CB426090059CC28 /* DimensionTokenElement.swift in Sources */ = {isa = PBXBuildFile; fileRef = 077CCE542CB426090059CC28 /* DimensionTokenElement.swift */; };
		077CCE5C2CB431C50059CC28 /* ShowcaseVariantElement.swift in Sources */ = {isa = PBXBuildFile; fileRef = 077CCE5B2CB431C50059CC28 /* ShowcaseVariantElement.swift */; };
		0784B2712CCB86C500299C10 /* NamedSize+IconWithTypography.swift in Sources */ = {isa = PBXBuildFile; fileRef = 0784B26F2CCB86C500299C10 /* NamedSize+IconWithTypography.swift */; };
		0784B2732CCB8CC800299C10 /* NamedSize+IconDecorative.swift in Sources */ = {isa = PBXBuildFile; fileRef = 0784B2722CCB8CC800299C10 /* NamedSize+IconDecorative.swift */; };
		0784B2762CCBD9C300299C10 /* NamedTypography.swift in Sources */ = {isa = PBXBuildFile; fileRef = 0784B2752CCBD9C300299C10 /* NamedTypography.swift */; };
		0784B2782CCBDD8900299C10 /* NamedTypography+Illustration.swift in Sources */ = {isa = PBXBuildFile; fileRef = 0784B2772CCBDD8900299C10 /* NamedTypography+Illustration.swift */; };
		07A8E9232CE63607005B19E6 /* NameSpace+GapInlineWithIcon.swift in Sources */ = {isa = PBXBuildFile; fileRef = 07A8E9222CE63606005B19E6 /* NameSpace+GapInlineWithIcon.swift */; };
		07A8E92B2CE7A51D005B19E6 /* NameSpace+GapInlineWithArrow.swift in Sources */ = {isa = PBXBuildFile; fileRef = 07A8E92A2CE7A51C005B19E6 /* NameSpace+GapInlineWithArrow.swift */; };
		07A8E92D2CE7AB82005B19E6 /* NameSpace+GapStackWithIcon.swift in Sources */ = {isa = PBXBuildFile; fileRef = 07A8E92C2CE7AB82005B19E6 /* NameSpace+GapStackWithIcon.swift */; };
		07CAE7682CEE20A600D6C5D1 /* SpaceTokenCommonIllustration.swift in Sources */ = {isa = PBXBuildFile; fileRef = 075C71322CEB743300B93FC3 /* SpaceTokenCommonIllustration.swift */; };
		07CAE7692CEE20B200D6C5D1 /* SpaceGapTokenIllustrations.swift in Sources */ = {isa = PBXBuildFile; fileRef = 075C713A2CECC7DA00B93FC3 /* SpaceGapTokenIllustrations.swift */; };
		07CAE76A2CEE20B200D6C5D1 /* SpacePaddingTokenIllustrations.swift in Sources */ = {isa = PBXBuildFile; fileRef = 075C71362CECC3D800B93FC3 /* SpacePaddingTokenIllustrations.swift */; };
		07CAE76B2CEE20B200D6C5D1 /* SpaceBasicTokenIllustrations.swift in Sources */ = {isa = PBXBuildFile; fileRef = 075C71382CECC50F00B93FC3 /* SpaceBasicTokenIllustrations.swift */; };
		07CAE76C2CEE210B00D6C5D1 /* ShowcaseTokkenIllustrationBackground.swift in Sources */ = {isa = PBXBuildFile; fileRef = 075C71342CEB9BD200B93FC3 /* ShowcaseTokkenIllustrationBackground.swift */; };
		07CAE76D2CEE26AF00D6C5D1 /* NameSpace+GapInlineWithIcon.swift in Sources */ = {isa = PBXBuildFile; fileRef = 07A8E9222CE63606005B19E6 /* NameSpace+GapInlineWithIcon.swift */; };
		07CAE76E2CEE26C000D6C5D1 /* NameSpace+GapInlineWithArrow.swift in Sources */ = {isa = PBXBuildFile; fileRef = 07A8E92A2CE7A51C005B19E6 /* NameSpace+GapInlineWithArrow.swift */; };
		07CAE76F2CEE26D200D6C5D1 /* NameSpace+GapStackWithIcon.swift in Sources */ = {isa = PBXBuildFile; fileRef = 07A8E92C2CE7AB82005B19E6 /* NameSpace+GapStackWithIcon.swift */; };
		07CF426B2CA30728000BD03E /* TokensPage.swift in Sources */ = {isa = PBXBuildFile; fileRef = 07CF426A2CA30728000BD03E /* TokensPage.swift */; };
		07CF42722CA31AC3000BD03E /* Assets.xcassets in Resources */ = {isa = PBXBuildFile; fileRef = 07CF42712CA31AC3000BD03E /* Assets.xcassets */; };
		07CF42742CA3EC58000BD03E /* CardIllustration.swift in Sources */ = {isa = PBXBuildFile; fileRef = 07CF42732CA3EC58000BD03E /* CardIllustration.swift */; };
		07CF42782CA3F4BE000BD03E /* ElevationTokenElement.swift in Sources */ = {isa = PBXBuildFile; fileRef = 07CF42762CA3F4BE000BD03E /* ElevationTokenElement.swift */; };
		07CF42792CA3F4BE000BD03E /* ElevationTokenPage.swift in Sources */ = {isa = PBXBuildFile; fileRef = 07CF42772CA3F4BE000BD03E /* ElevationTokenPage.swift */; };
		07CF427F2CA41325000BD03E /* OpacityTokenElement.swift in Sources */ = {isa = PBXBuildFile; fileRef = 07CF427D2CA41325000BD03E /* OpacityTokenElement.swift */; };
		07CF42802CA41325000BD03E /* OpacityTokenPage.swift in Sources */ = {isa = PBXBuildFile; fileRef = 07CF427E2CA41325000BD03E /* OpacityTokenPage.swift */; };
		07CF42842CA45DA9000BD03E /* BorderTokenElement.swift in Sources */ = {isa = PBXBuildFile; fileRef = 07CF42812CA45DA9000BD03E /* BorderTokenElement.swift */; };
		07CF42852CA45DA9000BD03E /* BorderTokenPage.swift in Sources */ = {isa = PBXBuildFile; fileRef = 07CF42822CA45DA9000BD03E /* BorderTokenPage.swift */; };
		07CF42892CA55BC8000BD03E /* ThemeSelection.swift in Sources */ = {isa = PBXBuildFile; fileRef = 07CF42882CA55BC8000BD03E /* ThemeSelection.swift */; };
		07F0FA8A2CC935FF000F166F /* NameSpace+PaddingInlineWithIcon.swift in Sources */ = {isa = PBXBuildFile; fileRef = 07F0FA892CC935FF000F166F /* NameSpace+PaddingInlineWithIcon.swift */; };
		07F0FA8C2CC9408C000F166F /* NameSpace+PaddingInlineWithArrow.swift in Sources */ = {isa = PBXBuildFile; fileRef = 07F0FA8B2CC9408C000F166F /* NameSpace+PaddingInlineWithArrow.swift */; };
		07F7533B2CC785620007450D /* ShowcaseSectionHeaderStyle.swift in Sources */ = {isa = PBXBuildFile; fileRef = 07F7533A2CC785620007450D /* ShowcaseSectionHeaderStyle.swift */; };
		07F75A372CC644C80004F1AD /* NamedSpace+Scaled.swift in Sources */ = {isa = PBXBuildFile; fileRef = 07F75A362CC644C80004F1AD /* NamedSpace+Scaled.swift */; };
		07F75A392CC6462D0004F1AD /* NamedSpace+Fixed.swift in Sources */ = {isa = PBXBuildFile; fileRef = 07F75A382CC6462D0004F1AD /* NamedSpace+Fixed.swift */; };
		07F75A3B2CC651EB0004F1AD /* NameSpace+PaddingInline.swift in Sources */ = {isa = PBXBuildFile; fileRef = 07F75A3A2CC651EB0004F1AD /* NameSpace+PaddingInline.swift */; };
		07F75A3D2CC653BD0004F1AD /* NameSpace+PaddingInset.swift in Sources */ = {isa = PBXBuildFile; fileRef = 07F75A3C2CC653BD0004F1AD /* NameSpace+PaddingInset.swift */; };
		07F75A3F2CC653CD0004F1AD /* NameSpace+GapInline.swift in Sources */ = {isa = PBXBuildFile; fileRef = 07F75A3E2CC653CD0004F1AD /* NameSpace+GapInline.swift */; };
		07F75A412CC653EB0004F1AD /* NameSpace+GapStack.swift in Sources */ = {isa = PBXBuildFile; fileRef = 07F75A402CC653EB0004F1AD /* NameSpace+GapStack.swift */; };
		07F75A432CC654050004F1AD /* NameSpace+PaddingStack.swift in Sources */ = {isa = PBXBuildFile; fileRef = 07F75A422CC654050004F1AD /* NameSpace+PaddingStack.swift */; };
		51087A7B2C46DF9F00160CCF /* Bundle+extension.swift in Sources */ = {isa = PBXBuildFile; fileRef = 51087A7A2C46DF9F00160CCF /* Bundle+extension.swift */; };
		510A9CD02C5679A300430620 /* OUDSComponents in Frameworks */ = {isa = PBXBuildFile; productRef = 510A9CCF2C5679A300430620 /* OUDSComponents */; };
		512364792C3D7B2D00572FD5 /* Podfile.lock in Resources */ = {isa = PBXBuildFile; fileRef = 512364782C3D7B2D00572FD5 /* Podfile.lock */; };
		5123647B2C3D7B3500572FD5 /* Gemfile.lock in Resources */ = {isa = PBXBuildFile; fileRef = 5123647A2C3D7B3500572FD5 /* Gemfile.lock */; };
		513AD9402C5AAADE0003253B /* OUDSTokensComponent in Frameworks */ = {isa = PBXBuildFile; productRef = 513AD93F2C5AAADE0003253B /* OUDSTokensComponent */; };
		5149BADB2C3D6F4F000FA4BF /* Podfile in Resources */ = {isa = PBXBuildFile; fileRef = 5149BADA2C3D6F4F000FA4BF /* Podfile */; };
		515FF21A2CF8924F0057A8C5 /* NamedColor+Gradient.swift in Sources */ = {isa = PBXBuildFile; fileRef = 515FF2192CF8924F0057A8C5 /* NamedColor+Gradient.swift */; };
		51BC9DE72C6513F200EB2A11 /* OUDSFoundations in Frameworks */ = {isa = PBXBuildFile; productRef = 51BC9DE62C6513F200EB2A11 /* OUDSFoundations */; };
		51BD76212C466FCF0033365D /* AboutPage.swift in Sources */ = {isa = PBXBuildFile; fileRef = 51BD760B2C466FCF0033365D /* AboutPage.swift */; };
		51BD76222C466FCF0033365D /* ComponentsPage.swift in Sources */ = {isa = PBXBuildFile; fileRef = 51BD760D2C466FCF0033365D /* ComponentsPage.swift */; };
		51BD76232C466FCF0033365D /* ShowcaseElementsPage.swift in Sources */ = {isa = PBXBuildFile; fileRef = 51BD760F2C466FCF0033365D /* ShowcaseElementsPage.swift */; };
		51BD76242C466FCF0033365D /* Preview Assets.xcassets in Resources */ = {isa = PBXBuildFile; fileRef = 51BD76122C466FCF0033365D /* Preview Assets.xcassets */; };
		51BD76252C466FCF0033365D /* about_legal_information.html in Resources */ = {isa = PBXBuildFile; fileRef = 51BD76152C466FCF0033365D /* about_legal_information.html */; };
		51BD76262C466FCF0033365D /* about_privacy_policy.html in Resources */ = {isa = PBXBuildFile; fileRef = 51BD76172C466FCF0033365D /* about_privacy_policy.html */; };
		51BD76282C466FCF0033365D /* Localizable.strings in Resources */ = {isa = PBXBuildFile; fileRef = 51BD761A2C466FCF0033365D /* Localizable.strings */; };
		51BD76292C466FCF0033365D /* WebView.swift in Sources */ = {isa = PBXBuildFile; fileRef = 51BD761C2C466FCF0033365D /* WebView.swift */; };
		51BD762A2C466FCF0033365D /* Showcase.swift in Sources */ = {isa = PBXBuildFile; fileRef = 51BD761E2C466FCF0033365D /* Showcase.swift */; };
		51BD762B2C466FCF0033365D /* MainView.swift in Sources */ = {isa = PBXBuildFile; fileRef = 51BD761F2C466FCF0033365D /* MainView.swift */; };
		51E3FF0B2CAFD9AE00F1BC59 /* ShowcaseElementPage.swift in Sources */ = {isa = PBXBuildFile; fileRef = 51E3FF0A2CAFD9AE00F1BC59 /* ShowcaseElementPage.swift */; };
		51ED41052CF8AF2C007AB814 /* NamedColor+Gradient.swift in Sources */ = {isa = PBXBuildFile; fileRef = 515FF2192CF8924F0057A8C5 /* NamedColor+Gradient.swift */; };
		51EE2C682C5BF5DE00F634EC /* OUDSThemesOrange in Frameworks */ = {isa = PBXBuildFile; productRef = 51EE2C672C5BF5DE00F634EC /* OUDSThemesOrange */; };
		6D17A2182CCBE50700C00512 /* OUDSTypographyUITests.swift in Sources */ = {isa = PBXBuildFile; fileRef = 6D17A2172CCBE50700C00512 /* OUDSTypographyUITests.swift */; };
		6D17A21A2CCBE74C00C00512 /* OUDSTokensElevationUITests.swift in Sources */ = {isa = PBXBuildFile; fileRef = 6D17A2192CCBE74C00C00512 /* OUDSTokensElevationUITests.swift */; };
		6D17A21C2CCBE7E200C00512 /* OUDSTokensOpacityUITests.swift in Sources */ = {isa = PBXBuildFile; fileRef = 6D17A21B2CCBE7E200C00512 /* OUDSTokensOpacityUITests.swift */; };
		6D17A22A2CCBEF6700C00512 /* OUDSTokensColorUITests.swift in Sources */ = {isa = PBXBuildFile; fileRef = 6D17A2292CCBEF6700C00512 /* OUDSTokensColorUITests.swift */; };
		6D17A22B2CCBF0E200C00512 /* ColorTokenPage.swift in Sources */ = {isa = PBXBuildFile; fileRef = 075114DF2CB7FDC200B8B759 /* ColorTokenPage.swift */; };
		6D17A22C2CCBF12B00C00512 /* NamedColor+Action.swift in Sources */ = {isa = PBXBuildFile; fileRef = 0765B4952CC159F600E69359 /* NamedColor+Action.swift */; };
		6D17A22D2CCBF12B00C00512 /* NamedColor+Always.swift in Sources */ = {isa = PBXBuildFile; fileRef = 0765B4972CC15A4000E69359 /* NamedColor+Always.swift */; };
		6D17A22E2CCBF12B00C00512 /* NamedColor+Background.swift in Sources */ = {isa = PBXBuildFile; fileRef = 0765B4932CC1597C00E69359 /* NamedColor+Background.swift */; };
		6D17A22F2CCBF12B00C00512 /* NamedColor+Border.swift in Sources */ = {isa = PBXBuildFile; fileRef = 0765B4992CC15ACE00E69359 /* NamedColor+Border.swift */; };
		6D17A2302CCBF12B00C00512 /* NamedColor+Chart.swift in Sources */ = {isa = PBXBuildFile; fileRef = 0765B4A32CC15C3E00E69359 /* NamedColor+Chart.swift */; };
		6D17A2312CCBF12B00C00512 /* NamedColor+Content.swift in Sources */ = {isa = PBXBuildFile; fileRef = 0765B49F2CC15BBC00E69359 /* NamedColor+Content.swift */; };
		6D17A2332CCBF12B00C00512 /* NamedColor+Decorative.swift in Sources */ = {isa = PBXBuildFile; fileRef = 0765B49D2CC15B7E00E69359 /* NamedColor+Decorative.swift */; };
		6D17A2342CCBF12B00C00512 /* NamedColor+Elevation.swift in Sources */ = {isa = PBXBuildFile; fileRef = 0765B49B2CC15B2E00E69359 /* NamedColor+Elevation.swift */; };
		6D17A2352CCF8DC300C00512 /* NamedColor.swift in Sources */ = {isa = PBXBuildFile; fileRef = 0765B4A52CC15C9D00E69359 /* NamedColor.swift */; };
		6D24658E2CBEAC750023E359 /* BorderTokenPage.swift in Sources */ = {isa = PBXBuildFile; fileRef = 07CF42822CA45DA9000BD03E /* BorderTokenPage.swift */; };
		6D2465902CBEAEE40023E359 /* ShowcaseTokenIllustration.swift in Sources */ = {isa = PBXBuildFile; fileRef = 075114E72CB81F0E00B8B759 /* ShowcaseTokenIllustration.swift */; };
		6D3E872C2CCBE0A300AEB105 /* OUDSTokenBorderUITests.swift in Sources */ = {isa = PBXBuildFile; fileRef = 6D3E872B2CCBE0A300AEB105 /* OUDSTokenBorderUITests.swift */; };
		6D43136D2CEF400D004E6886 /* ShowcaseTokenCode.swift in Sources */ = {isa = PBXBuildFile; fileRef = 6DCC57E12CEB984D000F35F8 /* ShowcaseTokenCode.swift */; };
		6D8F9C4E2CBFDC380078A10E /* ComponentsPage.swift in Sources */ = {isa = PBXBuildFile; fileRef = 51BD760D2C466FCF0033365D /* ComponentsPage.swift */; };
		6D8F9C4F2CBFDC8B0078A10E /* EmptyState.swift in Sources */ = {isa = PBXBuildFile; fileRef = 074794792CAE882A0033C2D8 /* EmptyState.swift */; };
		6D8F9C502CC14EBF0078A10E /* OpacityTokenPage.swift in Sources */ = {isa = PBXBuildFile; fileRef = 07CF427E2CA41325000BD03E /* OpacityTokenPage.swift */; };
		6D8F9C522CC15F960078A10E /* ElevationTokenPage.swift in Sources */ = {isa = PBXBuildFile; fileRef = 07CF42772CA3F4BE000BD03E /* ElevationTokenPage.swift */; };
		6D8F9C532CC160580078A10E /* SizeTokenPage.swift in Sources */ = {isa = PBXBuildFile; fileRef = 075114D92CB7D28D00B8B759 /* SizeTokenPage.swift */; };
		6D8F9C542CC160660078A10E /* SpaceTokenPage.swift in Sources */ = {isa = PBXBuildFile; fileRef = 077CCE522CB426090059CC28 /* SpaceTokenPage.swift */; };
		6D8F9C552CC1616E0078A10E /* TypographyTokenPage.swift in Sources */ = {isa = PBXBuildFile; fileRef = 0735431A2CA18C48001187EA /* TypographyTokenPage.swift */; };
		6DB260D92CD0E65F0091F72E /* NamedTypography.swift in Sources */ = {isa = PBXBuildFile; fileRef = 0784B2752CCBD9C300299C10 /* NamedTypography.swift */; };
		6DB260DA2CD0EF9D0091F72E /* NamedSize+IconDecorative.swift in Sources */ = {isa = PBXBuildFile; fileRef = 0784B2722CCB8CC800299C10 /* NamedSize+IconDecorative.swift */; };
		6DB260DB2CD0EFD90091F72E /* NamedSize+IconWithTypography.swift in Sources */ = {isa = PBXBuildFile; fileRef = 0784B26F2CCB86C500299C10 /* NamedSize+IconWithTypography.swift */; };
		6DB260DC2CD0F0000091F72E /* ShowcaseSectionHeaderStyle.swift in Sources */ = {isa = PBXBuildFile; fileRef = 07F7533A2CC785620007450D /* ShowcaseSectionHeaderStyle.swift */; };
		6DB260DD2CD0F01F0091F72E /* NamedSpace+Scaled.swift in Sources */ = {isa = PBXBuildFile; fileRef = 07F75A362CC644C80004F1AD /* NamedSpace+Scaled.swift */; };
		6DB260DE2CD0F0520091F72E /* NameSpace+PaddingInlineWithIcon.swift in Sources */ = {isa = PBXBuildFile; fileRef = 07F0FA892CC935FF000F166F /* NameSpace+PaddingInlineWithIcon.swift */; };
		6DB260DF2CD0F0520091F72E /* NamedSpace+Fixed.swift in Sources */ = {isa = PBXBuildFile; fileRef = 07F75A382CC6462D0004F1AD /* NamedSpace+Fixed.swift */; };
		6DB260E02CD0F0520091F72E /* NameSpace+PaddingInline.swift in Sources */ = {isa = PBXBuildFile; fileRef = 07F75A3A2CC651EB0004F1AD /* NameSpace+PaddingInline.swift */; };
		6DB260E12CD0F0520091F72E /* NameSpace+PaddingInset.swift in Sources */ = {isa = PBXBuildFile; fileRef = 07F75A3C2CC653BD0004F1AD /* NameSpace+PaddingInset.swift */; };
		6DB260E22CD0F0520091F72E /* NameSpace+PaddingStack.swift in Sources */ = {isa = PBXBuildFile; fileRef = 07F75A422CC654050004F1AD /* NameSpace+PaddingStack.swift */; };
		6DB260E32CD0F0520091F72E /* NameSpace+GapInline.swift in Sources */ = {isa = PBXBuildFile; fileRef = 07F75A3E2CC653CD0004F1AD /* NameSpace+GapInline.swift */; };
		6DB260E42CD0F0520091F72E /* NameSpace+GapStack.swift in Sources */ = {isa = PBXBuildFile; fileRef = 07F75A402CC653EB0004F1AD /* NameSpace+GapStack.swift */; };
		6DB260E52CD0F0520091F72E /* NameSpace+PaddingInlineWithArrow.swift in Sources */ = {isa = PBXBuildFile; fileRef = 07F0FA8B2CC9408C000F166F /* NameSpace+PaddingInlineWithArrow.swift */; };
		6DB260E62CD0F07D0091F72E /* NamedTypography+Illustration.swift in Sources */ = {isa = PBXBuildFile; fileRef = 0784B2772CCBDD8900299C10 /* NamedTypography+Illustration.swift */; };
		6DCC57E22CEB984D000F35F8 /* ShowcaseTokenCode.swift in Sources */ = {isa = PBXBuildFile; fileRef = 6DCC57E12CEB984D000F35F8 /* ShowcaseTokenCode.swift */; };
		6DE5F47D2CC696120008E774 /* ThemeSelection.swift in Sources */ = {isa = PBXBuildFile; fileRef = 07CF42882CA55BC8000BD03E /* ThemeSelection.swift */; };
		6DED17E92CD1143500584BC9 /* OUDSTokensSizeUITests.swift in Sources */ = {isa = PBXBuildFile; fileRef = 6DED17E82CD1143500584BC9 /* OUDSTokensSizeUITests.swift */; };
		6DED17EB2CD114AD00584BC9 /* OUDSTokensSpaceUITests.swift in Sources */ = {isa = PBXBuildFile; fileRef = 6DED17EA2CD114AD00584BC9 /* OUDSTokensSpaceUITests.swift */; };
		6DED17EC2CD23D3A00584BC9 /* ShowcaseElement.swift in Sources */ = {isa = PBXBuildFile; fileRef = 073543152CA17275001187EA /* ShowcaseElement.swift */; };
		6DED17ED2CD23D5200584BC9 /* ShowcaseElementPage.swift in Sources */ = {isa = PBXBuildFile; fileRef = 51E3FF0A2CAFD9AE00F1BC59 /* ShowcaseElementPage.swift */; };
		6DED17EE2CD23E5400584BC9 /* CardIllustration.swift in Sources */ = {isa = PBXBuildFile; fileRef = 07CF42732CA3EC58000BD03E /* CardIllustration.swift */; };
		6DED17EF2CD25B2200584BC9 /* SizeTokenElement.swift in Sources */ = {isa = PBXBuildFile; fileRef = 075114D82CB7D28D00B8B759 /* SizeTokenElement.swift */; };
		6DED17F02CD25CB000584BC9 /* TokenElement.swift in Sources */ = {isa = PBXBuildFile; fileRef = 073543222CA192F9001187EA /* TokenElement.swift */; };
		6DED17F12CD2641800584BC9 /* OpacityTokenElement.swift in Sources */ = {isa = PBXBuildFile; fileRef = 07CF427D2CA41325000BD03E /* OpacityTokenElement.swift */; };
		6DFC208B2CDE669500F2EC33 /* AccessibilityStatementPage.swift in Sources */ = {isa = PBXBuildFile; fileRef = 6DFC208A2CDE669500F2EC33 /* AccessibilityStatementPage.swift */; };
		6DFC20B52CE3AF1500F2EC33 /* boosted-grid.min.css in Resources */ = {isa = PBXBuildFile; fileRef = 6DFC20B02CE3AF1500F2EC33 /* boosted-grid.min.css */; };
		6DFC20B62CE3AF1500F2EC33 /* favicon.ico in Resources */ = {isa = PBXBuildFile; fileRef = 6DFC20B12CE3AF1500F2EC33 /* favicon.ico */; };
		6DFC20B72CE3AF1500F2EC33 /* pie.css in Resources */ = {isa = PBXBuildFile; fileRef = 6DFC20B32CE3AF1500F2EC33 /* pie.css */; };
		6DFC20B82CE3AF1500F2EC33 /* style.css in Resources */ = {isa = PBXBuildFile; fileRef = 6DFC20B42CE3AF1500F2EC33 /* style.css */; };
		6DFC20B92CE3AF1500F2EC33 /* orange-logo.svg in Resources */ = {isa = PBXBuildFile; fileRef = 6DFC20B22CE3AF1500F2EC33 /* orange-logo.svg */; };
		6DFC20C12CE3D39D00F2EC33 /* accessibility_detail.html in Resources */ = {isa = PBXBuildFile; fileRef = 6DFC20BF2CE3D39D00F2EC33 /* accessibility_detail.html */; };
		6DFC20C22CE3D39D00F2EC33 /* accessibility_result.xml in Resources */ = {isa = PBXBuildFile; fileRef = 6DFC20C02CE3D39D00F2EC33 /* accessibility_result.xml */; };
		6DFC20C52CE3D9AE00F2EC33 /* DeclarationAccessibility in Frameworks */ = {isa = PBXBuildFile; productRef = 6DFC20C42CE3D9AE00F2EC33 /* DeclarationAccessibility */; };
		E537B9B66A6466473179DEE8 /* Pods_Showcase.framework in Frameworks */ = {isa = PBXBuildFile; fileRef = E0D3017314DBC1733F8D0C79 /* Pods_Showcase.framework */; };
/* End PBXBuildFile section */

/* Begin PBXContainerItemProxy section */
		0740A9932C9873500069D24A /* PBXContainerItemProxy */ = {
			isa = PBXContainerItemProxy;
			containerPortal = 07FDCD892C296A500009AA13 /* Project object */;
			proxyType = 1;
			remoteGlobalIDString = 07FDCD902C296A500009AA13;
			remoteInfo = Showcase;
		};
/* End PBXContainerItemProxy section */

/* Begin PBXFileReference section */
		0707B6402C2C3C0400A911E7 /* .github */ = {isa = PBXFileReference; lastKnownFileType = folder; name = .github; path = ../.github; sourceTree = "<group>"; };
		0707B6432C2C569500A911E7 /* Gemfile */ = {isa = PBXFileReference; lastKnownFileType = text; name = Gemfile; path = ../Gemfile; sourceTree = "<group>"; };
		070DF8AE2CDD07F20043D558 /* GridTokenElement.swift */ = {isa = PBXFileReference; lastKnownFileType = sourcecode.swift; path = GridTokenElement.swift; sourceTree = "<group>"; };
		070DF8AF2CDD07F20043D558 /* GrisTokenPage.swift */ = {isa = PBXFileReference; lastKnownFileType = sourcecode.swift; path = GrisTokenPage.swift; sourceTree = "<group>"; };
		0722151B2CF616B100B4E031 /* NameSpace+PaddingStackWithIcon.swift */ = {isa = PBXFileReference; lastKnownFileType = sourcecode.swift; path = "NameSpace+PaddingStackWithIcon.swift"; sourceTree = "<group>"; };
		073543102CA154DE001187EA /* Card.swift */ = {isa = PBXFileReference; lastKnownFileType = sourcecode.swift; path = Card.swift; sourceTree = "<group>"; };
		073543122CA1676C001187EA /* Colors.xcassets */ = {isa = PBXFileReference; lastKnownFileType = folder.assetcatalog; path = Colors.xcassets; sourceTree = "<group>"; };
		073543152CA17275001187EA /* ShowcaseElement.swift */ = {isa = PBXFileReference; lastKnownFileType = sourcecode.swift; path = ShowcaseElement.swift; sourceTree = "<group>"; };
		073543172CA172CA001187EA /* TypographyTokenElement.swift */ = {isa = PBXFileReference; lastKnownFileType = sourcecode.swift; path = TypographyTokenElement.swift; sourceTree = "<group>"; };
		0735431A2CA18C48001187EA /* TypographyTokenPage.swift */ = {isa = PBXFileReference; lastKnownFileType = sourcecode.swift; path = TypographyTokenPage.swift; sourceTree = "<group>"; };
		073543222CA192F9001187EA /* TokenElement.swift */ = {isa = PBXFileReference; fileEncoding = 4; lastKnownFileType = sourcecode.swift; path = TokenElement.swift; sourceTree = "<group>"; };
		073EC3212CB3DC9300B2ADB4 /* SpacingTokenElement.swift */ = {isa = PBXFileReference; fileEncoding = 4; lastKnownFileType = sourcecode.swift; path = SpacingTokenElement.swift; sourceTree = "<group>"; };
		073EC3222CB3DC9300B2ADB4 /* SpacingTokenPage.swift */ = {isa = PBXFileReference; fileEncoding = 4; lastKnownFileType = sourcecode.swift; path = SpacingTokenPage.swift; sourceTree = "<group>"; };
		074008222C942810006B8729 /* Snapshot.swift */ = {isa = PBXFileReference; lastKnownFileType = sourcecode.swift; path = Snapshot.swift; sourceTree = "<group>"; };
		0740A9872C9833670069D24A /* Appfile */ = {isa = PBXFileReference; lastKnownFileType = text; name = Appfile; path = fastlane/Appfile; sourceTree = "<group>"; };
		0740A9882C9833670069D24A /* Fastfile */ = {isa = PBXFileReference; lastKnownFileType = text; name = Fastfile; path = fastlane/Fastfile; sourceTree = "<group>"; };
		0740A9892C9833670069D24A /* README.md */ = {isa = PBXFileReference; lastKnownFileType = net.daringfireball.markdown; name = README.md; path = fastlane/README.md; sourceTree = "<group>"; };
		0740A98F2C9873500069D24A /* ShowcaseTests.xctest */ = {isa = PBXFileReference; explicitFileType = wrapper.cfbundle; includeInIndex = 0; path = ShowcaseTests.xctest; sourceTree = BUILT_PRODUCTS_DIR; };
		0740A99C2C9888CF0069D24A /* ShowcaseUITestPlan.xctestplan */ = {isa = PBXFileReference; lastKnownFileType = text; name = ShowcaseUITestPlan.xctestplan; path = ../ShowcaseUITestPlan.xctestplan; sourceTree = "<group>"; };
		074794792CAE882A0033C2D8 /* EmptyState.swift */ = {isa = PBXFileReference; lastKnownFileType = sourcecode.swift; path = EmptyState.swift; sourceTree = "<group>"; };
		075114D82CB7D28D00B8B759 /* SizeTokenElement.swift */ = {isa = PBXFileReference; fileEncoding = 4; lastKnownFileType = sourcecode.swift; path = SizeTokenElement.swift; sourceTree = "<group>"; };
		075114D92CB7D28D00B8B759 /* SizeTokenPage.swift */ = {isa = PBXFileReference; fileEncoding = 4; lastKnownFileType = sourcecode.swift; path = SizeTokenPage.swift; sourceTree = "<group>"; };
		075114DE2CB7FDC200B8B759 /* ColorTokenElement.swift */ = {isa = PBXFileReference; fileEncoding = 4; lastKnownFileType = sourcecode.swift; path = ColorTokenElement.swift; sourceTree = "<group>"; };
		075114DF2CB7FDC200B8B759 /* ColorTokenPage.swift */ = {isa = PBXFileReference; fileEncoding = 4; lastKnownFileType = sourcecode.swift; path = ColorTokenPage.swift; sourceTree = "<group>"; };
		075114E72CB81F0E00B8B759 /* ShowcaseTokenIllustration.swift */ = {isa = PBXFileReference; lastKnownFileType = sourcecode.swift; path = ShowcaseTokenIllustration.swift; sourceTree = "<group>"; };
		075C71322CEB743300B93FC3 /* SpaceTokenCommonIllustration.swift */ = {isa = PBXFileReference; lastKnownFileType = sourcecode.swift; path = SpaceTokenCommonIllustration.swift; sourceTree = "<group>"; };
		075C71342CEB9BD200B93FC3 /* ShowcaseTokkenIllustrationBackground.swift */ = {isa = PBXFileReference; lastKnownFileType = sourcecode.swift; path = ShowcaseTokkenIllustrationBackground.swift; sourceTree = "<group>"; };
		075C71362CECC3D800B93FC3 /* SpacePaddingTokenIllustrations.swift */ = {isa = PBXFileReference; lastKnownFileType = sourcecode.swift; path = SpacePaddingTokenIllustrations.swift; sourceTree = "<group>"; };
		075C71382CECC50F00B93FC3 /* SpaceBasicTokenIllustrations.swift */ = {isa = PBXFileReference; lastKnownFileType = sourcecode.swift; path = SpaceBasicTokenIllustrations.swift; sourceTree = "<group>"; };
		075C713A2CECC7DA00B93FC3 /* SpaceGapTokenIllustrations.swift */ = {isa = PBXFileReference; lastKnownFileType = sourcecode.swift; path = SpaceGapTokenIllustrations.swift; sourceTree = "<group>"; };
		0765B4932CC1597C00E69359 /* NamedColor+Background.swift */ = {isa = PBXFileReference; lastKnownFileType = sourcecode.swift; path = "NamedColor+Background.swift"; sourceTree = "<group>"; };
		0765B4952CC159F600E69359 /* NamedColor+Action.swift */ = {isa = PBXFileReference; lastKnownFileType = sourcecode.swift; path = "NamedColor+Action.swift"; sourceTree = "<group>"; };
		0765B4972CC15A4000E69359 /* NamedColor+Always.swift */ = {isa = PBXFileReference; lastKnownFileType = sourcecode.swift; path = "NamedColor+Always.swift"; sourceTree = "<group>"; };
		0765B4992CC15ACE00E69359 /* NamedColor+Border.swift */ = {isa = PBXFileReference; lastKnownFileType = sourcecode.swift; path = "NamedColor+Border.swift"; sourceTree = "<group>"; };
		0765B49B2CC15B2E00E69359 /* NamedColor+Elevation.swift */ = {isa = PBXFileReference; lastKnownFileType = sourcecode.swift; path = "NamedColor+Elevation.swift"; sourceTree = "<group>"; };
		0765B49D2CC15B7E00E69359 /* NamedColor+Decorative.swift */ = {isa = PBXFileReference; lastKnownFileType = sourcecode.swift; path = "NamedColor+Decorative.swift"; sourceTree = "<group>"; };
		0765B49F2CC15BBC00E69359 /* NamedColor+Content.swift */ = {isa = PBXFileReference; lastKnownFileType = sourcecode.swift; path = "NamedColor+Content.swift"; sourceTree = "<group>"; };
		0765B4A32CC15C3E00E69359 /* NamedColor+Chart.swift */ = {isa = PBXFileReference; lastKnownFileType = sourcecode.swift; path = "NamedColor+Chart.swift"; sourceTree = "<group>"; };
		0765B4A52CC15C9D00E69359 /* NamedColor.swift */ = {isa = PBXFileReference; lastKnownFileType = sourcecode.swift; path = NamedColor.swift; sourceTree = "<group>"; };
		077CCE512CB426090059CC28 /* SpaceTokenElement.swift */ = {isa = PBXFileReference; fileEncoding = 4; lastKnownFileType = sourcecode.swift; path = SpaceTokenElement.swift; sourceTree = "<group>"; };
		077CCE522CB426090059CC28 /* SpaceTokenPage.swift */ = {isa = PBXFileReference; fileEncoding = 4; lastKnownFileType = sourcecode.swift; path = SpaceTokenPage.swift; sourceTree = "<group>"; };
		077CCE542CB426090059CC28 /* DimensionTokenElement.swift */ = {isa = PBXFileReference; fileEncoding = 4; lastKnownFileType = sourcecode.swift; path = DimensionTokenElement.swift; sourceTree = "<group>"; };
		077CCE5B2CB431C50059CC28 /* ShowcaseVariantElement.swift */ = {isa = PBXFileReference; lastKnownFileType = sourcecode.swift; path = ShowcaseVariantElement.swift; sourceTree = "<group>"; };
		0784B26F2CCB86C500299C10 /* NamedSize+IconWithTypography.swift */ = {isa = PBXFileReference; lastKnownFileType = sourcecode.swift; path = "NamedSize+IconWithTypography.swift"; sourceTree = "<group>"; };
		0784B2722CCB8CC800299C10 /* NamedSize+IconDecorative.swift */ = {isa = PBXFileReference; lastKnownFileType = sourcecode.swift; path = "NamedSize+IconDecorative.swift"; sourceTree = "<group>"; };
		0784B2752CCBD9C300299C10 /* NamedTypography.swift */ = {isa = PBXFileReference; lastKnownFileType = sourcecode.swift; path = NamedTypography.swift; sourceTree = "<group>"; };
		0784B2772CCBDD8900299C10 /* NamedTypography+Illustration.swift */ = {isa = PBXFileReference; lastKnownFileType = sourcecode.swift; path = "NamedTypography+Illustration.swift"; sourceTree = "<group>"; };
		07A8E9222CE63606005B19E6 /* NameSpace+GapInlineWithIcon.swift */ = {isa = PBXFileReference; lastKnownFileType = sourcecode.swift; path = "NameSpace+GapInlineWithIcon.swift"; sourceTree = "<group>"; };
		07A8E92A2CE7A51C005B19E6 /* NameSpace+GapInlineWithArrow.swift */ = {isa = PBXFileReference; lastKnownFileType = sourcecode.swift; path = "NameSpace+GapInlineWithArrow.swift"; sourceTree = "<group>"; };
		07A8E92C2CE7AB82005B19E6 /* NameSpace+GapStackWithIcon.swift */ = {isa = PBXFileReference; lastKnownFileType = sourcecode.swift; path = "NameSpace+GapStackWithIcon.swift"; sourceTree = "<group>"; };
		07CEDD802C7DB921003E1885 /* generateDoc.sh */ = {isa = PBXFileReference; lastKnownFileType = text.script.sh; name = generateDoc.sh; path = ../generateDoc.sh; sourceTree = "<group>"; };
		07CF426A2CA30728000BD03E /* TokensPage.swift */ = {isa = PBXFileReference; lastKnownFileType = sourcecode.swift; path = TokensPage.swift; sourceTree = "<group>"; };
		07CF42712CA31AC3000BD03E /* Assets.xcassets */ = {isa = PBXFileReference; lastKnownFileType = folder.assetcatalog; path = Assets.xcassets; sourceTree = "<group>"; };
		07CF42732CA3EC58000BD03E /* CardIllustration.swift */ = {isa = PBXFileReference; lastKnownFileType = sourcecode.swift; path = CardIllustration.swift; sourceTree = "<group>"; };
		07CF42762CA3F4BE000BD03E /* ElevationTokenElement.swift */ = {isa = PBXFileReference; fileEncoding = 4; lastKnownFileType = sourcecode.swift; path = ElevationTokenElement.swift; sourceTree = "<group>"; };
		07CF42772CA3F4BE000BD03E /* ElevationTokenPage.swift */ = {isa = PBXFileReference; fileEncoding = 4; lastKnownFileType = sourcecode.swift; path = ElevationTokenPage.swift; sourceTree = "<group>"; };
		07CF427D2CA41325000BD03E /* OpacityTokenElement.swift */ = {isa = PBXFileReference; fileEncoding = 4; lastKnownFileType = sourcecode.swift; path = OpacityTokenElement.swift; sourceTree = "<group>"; };
		07CF427E2CA41325000BD03E /* OpacityTokenPage.swift */ = {isa = PBXFileReference; fileEncoding = 4; lastKnownFileType = sourcecode.swift; path = OpacityTokenPage.swift; sourceTree = "<group>"; };
		07CF42812CA45DA9000BD03E /* BorderTokenElement.swift */ = {isa = PBXFileReference; fileEncoding = 4; lastKnownFileType = sourcecode.swift; path = BorderTokenElement.swift; sourceTree = "<group>"; };
		07CF42822CA45DA9000BD03E /* BorderTokenPage.swift */ = {isa = PBXFileReference; fileEncoding = 4; lastKnownFileType = sourcecode.swift; path = BorderTokenPage.swift; sourceTree = "<group>"; };
		07CF42882CA55BC8000BD03E /* ThemeSelection.swift */ = {isa = PBXFileReference; lastKnownFileType = sourcecode.swift; path = ThemeSelection.swift; sourceTree = "<group>"; };
		07F0FA892CC935FF000F166F /* NameSpace+PaddingInlineWithIcon.swift */ = {isa = PBXFileReference; lastKnownFileType = sourcecode.swift; path = "NameSpace+PaddingInlineWithIcon.swift"; sourceTree = "<group>"; };
		07F0FA8B2CC9408C000F166F /* NameSpace+PaddingInlineWithArrow.swift */ = {isa = PBXFileReference; lastKnownFileType = sourcecode.swift; path = "NameSpace+PaddingInlineWithArrow.swift"; sourceTree = "<group>"; };
		07F7533A2CC785620007450D /* ShowcaseSectionHeaderStyle.swift */ = {isa = PBXFileReference; lastKnownFileType = sourcecode.swift; path = ShowcaseSectionHeaderStyle.swift; sourceTree = "<group>"; };
		07F75A362CC644C80004F1AD /* NamedSpace+Scaled.swift */ = {isa = PBXFileReference; lastKnownFileType = sourcecode.swift; path = "NamedSpace+Scaled.swift"; sourceTree = "<group>"; };
		07F75A382CC6462D0004F1AD /* NamedSpace+Fixed.swift */ = {isa = PBXFileReference; lastKnownFileType = sourcecode.swift; path = "NamedSpace+Fixed.swift"; sourceTree = "<group>"; };
		07F75A3A2CC651EB0004F1AD /* NameSpace+PaddingInline.swift */ = {isa = PBXFileReference; lastKnownFileType = sourcecode.swift; path = "NameSpace+PaddingInline.swift"; sourceTree = "<group>"; };
		07F75A3C2CC653BD0004F1AD /* NameSpace+PaddingInset.swift */ = {isa = PBXFileReference; lastKnownFileType = sourcecode.swift; path = "NameSpace+PaddingInset.swift"; sourceTree = "<group>"; };
		07F75A3E2CC653CD0004F1AD /* NameSpace+GapInline.swift */ = {isa = PBXFileReference; lastKnownFileType = sourcecode.swift; path = "NameSpace+GapInline.swift"; sourceTree = "<group>"; };
		07F75A402CC653EB0004F1AD /* NameSpace+GapStack.swift */ = {isa = PBXFileReference; lastKnownFileType = sourcecode.swift; path = "NameSpace+GapStack.swift"; sourceTree = "<group>"; };
		07F75A422CC654050004F1AD /* NameSpace+PaddingStack.swift */ = {isa = PBXFileReference; lastKnownFileType = sourcecode.swift; path = "NameSpace+PaddingStack.swift"; sourceTree = "<group>"; };
		07FDCD912C296A500009AA13 /* OUDS Showcase.app */ = {isa = PBXFileReference; explicitFileType = wrapper.application; includeInIndex = 0; path = "OUDS Showcase.app"; sourceTree = BUILT_PRODUCTS_DIR; };
		07FDCDA52C296B4B0009AA13 /* .gitattributes */ = {isa = PBXFileReference; fileEncoding = 4; lastKnownFileType = text; name = .gitattributes; path = ../.gitattributes; sourceTree = "<group>"; };
		07FDCDA72C296B7A0009AA13 /* README.md */ = {isa = PBXFileReference; fileEncoding = 4; lastKnownFileType = net.daringfireball.markdown; name = README.md; path = ../README.md; sourceTree = "<group>"; };
		07FDCDA82C296B7A0009AA13 /* NOTICE.txt */ = {isa = PBXFileReference; fileEncoding = 4; lastKnownFileType = text; name = NOTICE.txt; path = ../NOTICE.txt; sourceTree = "<group>"; };
		07FDCDA92C296B7A0009AA13 /* LICENSE */ = {isa = PBXFileReference; fileEncoding = 4; lastKnownFileType = text; name = LICENSE; path = ../LICENSE; sourceTree = "<group>"; };
		07FDCDAA2C296B7A0009AA13 /* THIRD_PARTY.md */ = {isa = PBXFileReference; fileEncoding = 4; lastKnownFileType = net.daringfireball.markdown; name = THIRD_PARTY.md; path = ../THIRD_PARTY.md; sourceTree = "<group>"; };
		07FDCDB02C296BAB0009AA13 /* CHANGELOG.md */ = {isa = PBXFileReference; fileEncoding = 4; lastKnownFileType = net.daringfireball.markdown; name = CHANGELOG.md; path = ../CHANGELOG.md; sourceTree = "<group>"; };
		07FDCDB52C296C370009AA13 /* .swiftlint.yml */ = {isa = PBXFileReference; fileEncoding = 4; lastKnownFileType = text.yaml; name = .swiftlint.yml; path = ../.swiftlint.yml; sourceTree = "<group>"; };
		07FDCDB62C296C370009AA13 /* .gitleaks.toml */ = {isa = PBXFileReference; fileEncoding = 4; lastKnownFileType = text; name = .gitleaks.toml; path = ../.gitleaks.toml; sourceTree = "<group>"; };
		07FDCDB72C296C370009AA13 /* .swiftformat */ = {isa = PBXFileReference; fileEncoding = 4; lastKnownFileType = text; name = .swiftformat; path = ../.swiftformat; sourceTree = "<group>"; };
		07FDCDB82C296C370009AA13 /* .gitignore */ = {isa = PBXFileReference; fileEncoding = 4; lastKnownFileType = text; name = .gitignore; path = ../.gitignore; sourceTree = "<group>"; };
		51087A7A2C46DF9F00160CCF /* Bundle+extension.swift */ = {isa = PBXFileReference; lastKnownFileType = sourcecode.swift; path = "Bundle+extension.swift"; sourceTree = "<group>"; };
		512364782C3D7B2D00572FD5 /* Podfile.lock */ = {isa = PBXFileReference; fileEncoding = 4; lastKnownFileType = text; path = Podfile.lock; sourceTree = "<group>"; };
		5123647A2C3D7B3500572FD5 /* Gemfile.lock */ = {isa = PBXFileReference; fileEncoding = 4; lastKnownFileType = text; name = Gemfile.lock; path = ../Gemfile.lock; sourceTree = "<group>"; };
		5149BADA2C3D6F4F000FA4BF /* Podfile */ = {isa = PBXFileReference; lastKnownFileType = text; path = Podfile; sourceTree = "<group>"; };
		515FF2192CF8924F0057A8C5 /* NamedColor+Gradient.swift */ = {isa = PBXFileReference; lastKnownFileType = sourcecode.swift; name = "NamedColor+Gradient.swift"; path = "Showcase/Pages/Tokens/Color/NamedColor/NamedColor+Gradient.swift"; sourceTree = "<group>"; };
		51A7A9DA2C46E17F00EF7A77 /* Info.plist */ = {isa = PBXFileReference; lastKnownFileType = text.plist; path = Info.plist; sourceTree = "<group>"; };
		51BD760B2C466FCF0033365D /* AboutPage.swift */ = {isa = PBXFileReference; fileEncoding = 4; lastKnownFileType = sourcecode.swift; path = AboutPage.swift; sourceTree = "<group>"; };
		51BD760D2C466FCF0033365D /* ComponentsPage.swift */ = {isa = PBXFileReference; fileEncoding = 4; lastKnownFileType = sourcecode.swift; path = ComponentsPage.swift; sourceTree = "<group>"; };
		51BD760F2C466FCF0033365D /* ShowcaseElementsPage.swift */ = {isa = PBXFileReference; fileEncoding = 4; lastKnownFileType = sourcecode.swift; path = ShowcaseElementsPage.swift; sourceTree = "<group>"; };
		51BD76122C466FCF0033365D /* Preview Assets.xcassets */ = {isa = PBXFileReference; lastKnownFileType = folder.assetcatalog; path = "Preview Assets.xcassets"; sourceTree = "<group>"; };
		51BD76142C466FCF0033365D /* en */ = {isa = PBXFileReference; lastKnownFileType = text.html; name = en; path = en.lproj/about_legal_information.html; sourceTree = "<group>"; };
		51BD76162C466FCF0033365D /* en */ = {isa = PBXFileReference; lastKnownFileType = text.html; name = en; path = en.lproj/about_privacy_policy.html; sourceTree = "<group>"; };
		51BD76192C466FCF0033365D /* en */ = {isa = PBXFileReference; lastKnownFileType = text.plist.strings; name = en; path = en.lproj/Localizable.strings; sourceTree = "<group>"; };
		51BD761C2C466FCF0033365D /* WebView.swift */ = {isa = PBXFileReference; fileEncoding = 4; lastKnownFileType = sourcecode.swift; path = WebView.swift; sourceTree = "<group>"; };
		51BD761E2C466FCF0033365D /* Showcase.swift */ = {isa = PBXFileReference; fileEncoding = 4; lastKnownFileType = sourcecode.swift; path = Showcase.swift; sourceTree = "<group>"; };
		51BD761F2C466FCF0033365D /* MainView.swift */ = {isa = PBXFileReference; fileEncoding = 4; lastKnownFileType = sourcecode.swift; path = MainView.swift; sourceTree = "<group>"; };
		51E3FF0A2CAFD9AE00F1BC59 /* ShowcaseElementPage.swift */ = {isa = PBXFileReference; lastKnownFileType = sourcecode.swift; path = ShowcaseElementPage.swift; sourceTree = "<group>"; };
		6D17A2172CCBE50700C00512 /* OUDSTypographyUITests.swift */ = {isa = PBXFileReference; lastKnownFileType = sourcecode.swift; name = OUDSTypographyUITests.swift; path = ShowcaseTests/__Snapshots__/OUDSTokensTypographyUITests/OUDSTypographyUITests.swift; sourceTree = SOURCE_ROOT; };
		6D17A2192CCBE74C00C00512 /* OUDSTokensElevationUITests.swift */ = {isa = PBXFileReference; lastKnownFileType = sourcecode.swift; name = OUDSTokensElevationUITests.swift; path = ShowcaseTests/__Snapshots__/OUDSTokensElevationUITests/OUDSTokensElevationUITests.swift; sourceTree = SOURCE_ROOT; };
		6D17A21B2CCBE7E200C00512 /* OUDSTokensOpacityUITests.swift */ = {isa = PBXFileReference; lastKnownFileType = sourcecode.swift; name = OUDSTokensOpacityUITests.swift; path = ShowcaseTests/__Snapshots__/OUDSTokensOpacityUITests/OUDSTokensOpacityUITests.swift; sourceTree = SOURCE_ROOT; };
		6D17A2292CCBEF6700C00512 /* OUDSTokensColorUITests.swift */ = {isa = PBXFileReference; lastKnownFileType = sourcecode.swift; name = OUDSTokensColorUITests.swift; path = ShowcaseTests/__Snapshots__/OUDSTokensColorUITests/OUDSTokensColorUITests.swift; sourceTree = SOURCE_ROOT; };
		6D3E872B2CCBE0A300AEB105 /* OUDSTokenBorderUITests.swift */ = {isa = PBXFileReference; lastKnownFileType = sourcecode.swift; name = OUDSTokenBorderUITests.swift; path = ShowcaseTests/__Snapshots__/OUDSTokensBorderUITests/OUDSTokenBorderUITests.swift; sourceTree = SOURCE_ROOT; };
		6DED17E82CD1143500584BC9 /* OUDSTokensSizeUITests.swift */ = {isa = PBXFileReference; lastKnownFileType = sourcecode.swift; name = OUDSTokensSizeUITests.swift; path = ShowcaseTests/__Snapshots__/OUDSTokensDimensionUITests/Size/OUDSTokensSizeUITests.swift; sourceTree = SOURCE_ROOT; };
		6DED17EA2CD114AD00584BC9 /* OUDSTokensSpaceUITests.swift */ = {isa = PBXFileReference; lastKnownFileType = sourcecode.swift; name = OUDSTokensSpaceUITests.swift; path = ShowcaseTests/__Snapshots__/OUDSTokensDimensionUITests/Space/OUDSTokensSpaceUITests.swift; sourceTree = SOURCE_ROOT; };
		6DCC57E12CEB984D000F35F8 /* ShowcaseTokenCode.swift */ = {isa = PBXFileReference; lastKnownFileType = sourcecode.swift; path = ShowcaseTokenCode.swift; sourceTree = "<group>"; };
		6DED17E82CD1143500584BC9 /* OUDSTokensSizeUITests.swift */ = {isa = PBXFileReference; lastKnownFileType = sourcecode.swift; name = OUDSTokensSizeUITests.swift; path = ShowcaseTests/__Snapshots__/OUDSTokensDimensionUITests/Size/OUDSTokensSizeUITests.swift; sourceTree = SOURCE_ROOT; };
		6DED17EA2CD114AD00584BC9 /* OUDSTokensSpaceUITests.swift */ = {isa = PBXFileReference; lastKnownFileType = sourcecode.swift; name = OUDSTokensSpaceUITests.swift; path = ShowcaseTests/__Snapshots__/OUDSTokensDimensionUITests/Space/OUDSTokensSpaceUITests.swift; sourceTree = SOURCE_ROOT; };
		6DFC208A2CDE669500F2EC33 /* AccessibilityStatementPage.swift */ = {isa = PBXFileReference; lastKnownFileType = sourcecode.swift; path = AccessibilityStatementPage.swift; sourceTree = "<group>"; };
		6DFC20B02CE3AF1500F2EC33 /* boosted-grid.min.css */ = {isa = PBXFileReference; lastKnownFileType = text.css; path = "boosted-grid.min.css"; sourceTree = "<group>"; };
		6DFC20B12CE3AF1500F2EC33 /* favicon.ico */ = {isa = PBXFileReference; lastKnownFileType = image.ico; path = favicon.ico; sourceTree = "<group>"; };
		6DFC20B22CE3AF1500F2EC33 /* orange-logo.svg */ = {isa = PBXFileReference; lastKnownFileType = text; path = "orange-logo.svg"; sourceTree = "<group>"; };
		6DFC20B32CE3AF1500F2EC33 /* pie.css */ = {isa = PBXFileReference; lastKnownFileType = text.css; path = pie.css; sourceTree = "<group>"; };
		6DFC20B42CE3AF1500F2EC33 /* style.css */ = {isa = PBXFileReference; lastKnownFileType = text.css; path = style.css; sourceTree = "<group>"; };
		6DFC20BF2CE3D39D00F2EC33 /* accessibility_detail.html */ = {isa = PBXFileReference; lastKnownFileType = text.html; path = accessibility_detail.html; sourceTree = "<group>"; };
		6DFC20C02CE3D39D00F2EC33 /* accessibility_result.xml */ = {isa = PBXFileReference; lastKnownFileType = text.xml; path = accessibility_result.xml; sourceTree = "<group>"; };
		974E2EAB64D9123627CD7D29 /* Pods-DemoApp.release.xcconfig */ = {isa = PBXFileReference; includeInIndex = 1; lastKnownFileType = text.xcconfig; name = "Pods-DemoApp.release.xcconfig"; path = "Target Support Files/Pods-DemoApp/Pods-DemoApp.release.xcconfig"; sourceTree = "<group>"; };
		BF4130905502F287757622E2 /* Pods-DemoApp.debug.xcconfig */ = {isa = PBXFileReference; includeInIndex = 1; lastKnownFileType = text.xcconfig; name = "Pods-DemoApp.debug.xcconfig"; path = "Target Support Files/Pods-DemoApp/Pods-DemoApp.debug.xcconfig"; sourceTree = "<group>"; };
		E0D3017314DBC1733F8D0C79 /* Pods_Showcase.framework */ = {isa = PBXFileReference; explicitFileType = wrapper.framework; includeInIndex = 0; path = Pods_Showcase.framework; sourceTree = BUILT_PRODUCTS_DIR; };
		E4EBC0F46BFFE3801998F6B0 /* Pods-Showcase.release.xcconfig */ = {isa = PBXFileReference; includeInIndex = 1; lastKnownFileType = text.xcconfig; name = "Pods-Showcase.release.xcconfig"; path = "Target Support Files/Pods-Showcase/Pods-Showcase.release.xcconfig"; sourceTree = "<group>"; };
		F98488CF05532E8CD405A8F8 /* Pods-Showcase.debug.xcconfig */ = {isa = PBXFileReference; includeInIndex = 1; lastKnownFileType = text.xcconfig; name = "Pods-Showcase.debug.xcconfig"; path = "Target Support Files/Pods-Showcase/Pods-Showcase.debug.xcconfig"; sourceTree = "<group>"; };
/* End PBXFileReference section */

/* Begin PBXFrameworksBuildPhase section */
		0740A98C2C9873500069D24A /* Frameworks */ = {
			isa = PBXFrameworksBuildPhase;
			buildActionMask = 2147483647;
			files = (
				0740A99A2C9874670069D24A /* SnapshotTesting in Frameworks */,
			);
			runOnlyForDeploymentPostprocessing = 0;
		};
		07FDCD8E2C296A500009AA13 /* Frameworks */ = {
			isa = PBXFrameworksBuildPhase;
			buildActionMask = 2147483647;
			files = (
				51BC9DE72C6513F200EB2A11 /* OUDSFoundations in Frameworks */,
				E537B9B66A6466473179DEE8 /* Pods_Showcase.framework in Frameworks */,
				070C35642C773A0D0029C6A8 /* OUDSThemesInverse in Frameworks */,
				51EE2C682C5BF5DE00F634EC /* OUDSThemesOrange in Frameworks */,
				070C35622C75EB1C0029C6A8 /* OUDS in Frameworks */,
				513AD9402C5AAADE0003253B /* OUDSTokensComponent in Frameworks */,
				510A9CD02C5679A300430620 /* OUDSComponents in Frameworks */,
				6DFC20C52CE3D9AE00F2EC33 /* DeclarationAccessibility in Frameworks */,
				070C35662C7762B90029C6A8 /* OUDSModules in Frameworks */,
			);
			runOnlyForDeploymentPostprocessing = 0;
		};
/* End PBXFrameworksBuildPhase section */

/* Begin PBXGroup section */
		070DF8B02CDD07F20043D558 /* Grid */ = {
			isa = PBXGroup;
			children = (
				070DF8AE2CDD07F20043D558 /* GridTokenElement.swift */,
				070DF8AF2CDD07F20043D558 /* GrisTokenPage.swift */,
			);
			path = Grid;
			sourceTree = "<group>";
		};
		0735430F2CA15440001187EA /* Cards */ = {
			isa = PBXGroup;
			children = (
				073543102CA154DE001187EA /* Card.swift */,
				07CF42732CA3EC58000BD03E /* CardIllustration.swift */,
			);
			path = Cards;
			sourceTree = "<group>";
		};
		073543142CA17244001187EA /* Utils */ = {
			isa = PBXGroup;
			children = (
				0735430F2CA15440001187EA /* Cards */,
				51BD760F2C466FCF0033365D /* ShowcaseElementsPage.swift */,
				07F7533A2CC785620007450D /* ShowcaseSectionHeaderStyle.swift */,
				51E3FF0A2CAFD9AE00F1BC59 /* ShowcaseElementPage.swift */,
				073543152CA17275001187EA /* ShowcaseElement.swift */,
				077CCE5B2CB431C50059CC28 /* ShowcaseVariantElement.swift */,
				075114E72CB81F0E00B8B759 /* ShowcaseTokenIllustration.swift */,
				075C71342CEB9BD200B93FC3 /* ShowcaseTokkenIllustrationBackground.swift */,
				6DCC57E12CEB984D000F35F8 /* ShowcaseTokenCode.swift */,
			);
			path = Utils;
			sourceTree = "<group>";
		};
		073543192CA17388001187EA /* Typography */ = {
			isa = PBXGroup;
			children = (
				0784B2742CCBD9A900299C10 /* NamedTypography */,
				073543172CA172CA001187EA /* TypographyTokenElement.swift */,
				0735431A2CA18C48001187EA /* TypographyTokenPage.swift */,
			);
			path = Typography;
			sourceTree = "<group>";
		};
		074008212C9427F8006B8729 /* Snapshots */ = {
			isa = PBXGroup;
			children = (
				074008222C942810006B8729 /* Snapshot.swift */,
			);
			path = Snapshots;
			sourceTree = "<group>";
		};
		0740A98A2C98337C0069D24A /* fastlane */ = {
			isa = PBXGroup;
			children = (
				0740A9872C9833670069D24A /* Appfile */,
				0740A9882C9833670069D24A /* Fastfile */,
				0740A9892C9833670069D24A /* README.md */,
			);
			name = fastlane;
			sourceTree = "<group>";
		};
		0740A9902C9873500069D24A /* ShowcaseTests */ = {
			isa = PBXGroup;
			children = (
				6D17A2242CCBEF1100C00512 /* OUDSTokensColorUITests */,
				6D8F9BE42CBFC2F70078A10E /* OUDSTokensTypographyUITests */,
				6D8F9B9B2CBFB8830078A10E /* OUDSTokensDimensionUITests */,
				6D8F9B722CBED90D0078A10E /* OUDSTokensElevationUITests */,
				6D8F9B392CBECBB80078A10E /* OUDSTokensOpacityUITests */,
				6D2465892CBEAB4C0023E359 /* OUDSTokensBorderUITests */,
				074008212C9427F8006B8729 /* Snapshots */,
				0740A99C2C9888CF0069D24A /* ShowcaseUITestPlan.xctestplan */,
			);
			path = ShowcaseTests;
			sourceTree = "<group>";
		};
		075114DA2CB7D28D00B8B759 /* Size */ = {
			isa = PBXGroup;
			children = (
				0784B2702CCB86C500299C10 /* NamedSize */,
				075114D82CB7D28D00B8B759 /* SizeTokenElement.swift */,
				075114D92CB7D28D00B8B759 /* SizeTokenPage.swift */,
			);
			path = Size;
			sourceTree = "<group>";
		};
		075114DD2CB7FD7E00B8B759 /* Color */ = {
			isa = PBXGroup;
			children = (
				0765B4922CC1592900E69359 /* NamedColor */,
				075114DE2CB7FDC200B8B759 /* ColorTokenElement.swift */,
				075114DF2CB7FDC200B8B759 /* ColorTokenPage.swift */,
			);
			path = Color;
			sourceTree = "<group>";
		};
		0765B4922CC1592900E69359 /* NamedColor */ = {
			isa = PBXGroup;
			children = (
				0765B4A52CC15C9D00E69359 /* NamedColor.swift */,
				0765B4952CC159F600E69359 /* NamedColor+Action.swift */,
				0765B4972CC15A4000E69359 /* NamedColor+Always.swift */,
				0765B4932CC1597C00E69359 /* NamedColor+Background.swift */,
				0765B4992CC15ACE00E69359 /* NamedColor+Border.swift */,
				0765B4A32CC15C3E00E69359 /* NamedColor+Chart.swift */,
				0765B49F2CC15BBC00E69359 /* NamedColor+Content.swift */,
				0765B49D2CC15B7E00E69359 /* NamedColor+Decorative.swift */,
				0765B49B2CC15B2E00E69359 /* NamedColor+Elevation.swift */,
			);
			path = NamedColor;
			sourceTree = "<group>";
		};
		077CCE502CB4254B0059CC28 /* Recovered References */ = {
			isa = PBXGroup;
			children = (
				073EC3222CB3DC9300B2ADB4 /* SpacingTokenPage.swift */,
				073EC3212CB3DC9300B2ADB4 /* SpacingTokenElement.swift */,
			);
			name = "Recovered References";
			sourceTree = "<group>";
		};
		077CCE532CB426090059CC28 /* Space */ = {
			isa = PBXGroup;
			children = (
				07F75A352CC644940004F1AD /* NamedSpace */,
				077CCE512CB426090059CC28 /* SpaceTokenElement.swift */,
				077CCE522CB426090059CC28 /* SpaceTokenPage.swift */,
				075C71322CEB743300B93FC3 /* SpaceTokenCommonIllustration.swift */,
				075C71382CECC50F00B93FC3 /* SpaceBasicTokenIllustrations.swift */,
				075C713A2CECC7DA00B93FC3 /* SpaceGapTokenIllustrations.swift */,
				075C71362CECC3D800B93FC3 /* SpacePaddingTokenIllustrations.swift */,
			);
			path = Space;
			sourceTree = "<group>";
		};
		077CCE562CB426090059CC28 /* Dimension */ = {
			isa = PBXGroup;
			children = (
				077CCE532CB426090059CC28 /* Space */,
				075114DA2CB7D28D00B8B759 /* Size */,
				077CCE542CB426090059CC28 /* DimensionTokenElement.swift */,
			);
			path = Dimension;
			sourceTree = "<group>";
		};
		0784B2702CCB86C500299C10 /* NamedSize */ = {
			isa = PBXGroup;
			children = (
				0784B26F2CCB86C500299C10 /* NamedSize+IconWithTypography.swift */,
				0784B2722CCB8CC800299C10 /* NamedSize+IconDecorative.swift */,
			);
			path = NamedSize;
			sourceTree = "<group>";
		};
		0784B2742CCBD9A900299C10 /* NamedTypography */ = {
			isa = PBXGroup;
			children = (
				0784B2772CCBDD8900299C10 /* NamedTypography+Illustration.swift */,
				0784B2752CCBD9C300299C10 /* NamedTypography.swift */,
			);
			path = NamedTypography;
			sourceTree = "<group>";
		};
		07CF42752CA3F461000BD03E /* Elevation */ = {
			isa = PBXGroup;
			children = (
				07CF42762CA3F4BE000BD03E /* ElevationTokenElement.swift */,
				07CF42772CA3F4BE000BD03E /* ElevationTokenPage.swift */,
			);
			path = Elevation;
			sourceTree = "<group>";
		};
		07CF427C2CA412F5000BD03E /* Opacity */ = {
			isa = PBXGroup;
			children = (
				07CF427D2CA41325000BD03E /* OpacityTokenElement.swift */,
				07CF427E2CA41325000BD03E /* OpacityTokenPage.swift */,
			);
			path = Opacity;
			sourceTree = "<group>";
		};
		07CF42832CA45DA9000BD03E /* Border */ = {
			isa = PBXGroup;
			children = (
				07CF42812CA45DA9000BD03E /* BorderTokenElement.swift */,
				07CF42822CA45DA9000BD03E /* BorderTokenPage.swift */,
			);
			path = Border;
			sourceTree = "<group>";
		};
		07CF42872CA55BB4000BD03E /* ThemeSelection */ = {
			isa = PBXGroup;
			children = (
				07CF42882CA55BC8000BD03E /* ThemeSelection.swift */,
			);
			path = ThemeSelection;
			sourceTree = "<group>";
		};
		07F75A352CC644940004F1AD /* NamedSpace */ = {
			isa = PBXGroup;
			children = (
				07F75A362CC644C80004F1AD /* NamedSpace+Scaled.swift */,
				07F75A382CC6462D0004F1AD /* NamedSpace+Fixed.swift */,
				07F75A3E2CC653CD0004F1AD /* NameSpace+GapInline.swift */,
				07A8E9222CE63606005B19E6 /* NameSpace+GapInlineWithIcon.swift */,
				07A8E92A2CE7A51C005B19E6 /* NameSpace+GapInlineWithArrow.swift */,
				07F75A402CC653EB0004F1AD /* NameSpace+GapStack.swift */,
				07A8E92C2CE7AB82005B19E6 /* NameSpace+GapStackWithIcon.swift */,
				07F75A3A2CC651EB0004F1AD /* NameSpace+PaddingInline.swift */,
				07F75A3C2CC653BD0004F1AD /* NameSpace+PaddingInset.swift */,
				07F0FA892CC935FF000F166F /* NameSpace+PaddingInlineWithIcon.swift */,
				07F0FA8B2CC9408C000F166F /* NameSpace+PaddingInlineWithArrow.swift */,
				07F75A422CC654050004F1AD /* NameSpace+PaddingStack.swift */,
				0722151B2CF616B100B4E031 /* NameSpace+PaddingStackWithIcon.swift */,
			);
			path = NamedSpace;
			sourceTree = "<group>";
		};
		07FDCD882C296A500009AA13 = {
			isa = PBXGroup;
			children = (
				515FF2192CF8924F0057A8C5 /* NamedColor+Gradient.swift */,
				07FDCDA32C296B170009AA13 /* 🛠 */,
				51BD76202C466FCF0033365D /* Showcase */,
				0740A9902C9873500069D24A /* ShowcaseTests */,
				07FDCD922C296A500009AA13 /* Products */,
				AFD4931269C94655071502F6 /* Pods */,
				6E90D400B72B50FE406E8DFC /* Frameworks */,
				077CCE502CB4254B0059CC28 /* Recovered References */,
			);
			sourceTree = "<group>";
		};
		07FDCD922C296A500009AA13 /* Products */ = {
			isa = PBXGroup;
			children = (
				07FDCD912C296A500009AA13 /* OUDS Showcase.app */,
				0740A98F2C9873500069D24A /* ShowcaseTests.xctest */,
			);
			name = Products;
			sourceTree = "<group>";
		};
		07FDCDA32C296B170009AA13 /* 🛠 */ = {
			isa = PBXGroup;
			children = (
				0707B6402C2C3C0400A911E7 /* .github */,
				07FDCDA42C296B220009AA13 /* Configuration */,
				07FDCDB02C296BAB0009AA13 /* CHANGELOG.md */,
				07FDCDA92C296B7A0009AA13 /* LICENSE */,
				07FDCDA82C296B7A0009AA13 /* NOTICE.txt */,
				07FDCDA72C296B7A0009AA13 /* README.md */,
				07FDCDAA2C296B7A0009AA13 /* THIRD_PARTY.md */,
			);
			name = "🛠";
			sourceTree = "<group>";
		};
		07FDCDA42C296B220009AA13 /* Configuration */ = {
			isa = PBXGroup;
			children = (
				0740A98A2C98337C0069D24A /* fastlane */,
				07CEDD802C7DB921003E1885 /* generateDoc.sh */,
				0707B6432C2C569500A911E7 /* Gemfile */,
				5123647A2C3D7B3500572FD5 /* Gemfile.lock */,
				5149BADA2C3D6F4F000FA4BF /* Podfile */,
				512364782C3D7B2D00572FD5 /* Podfile.lock */,
				07FDCDB82C296C370009AA13 /* .gitignore */,
				07FDCDA52C296B4B0009AA13 /* .gitattributes */,
				07FDCDB62C296C370009AA13 /* .gitleaks.toml */,
				07FDCDB72C296C370009AA13 /* .swiftformat */,
				07FDCDB52C296C370009AA13 /* .swiftlint.yml */,
			);
			name = Configuration;
			sourceTree = "<group>";
		};
		51BD760C2C466FCF0033365D /* About */ = {
			isa = PBXGroup;
			children = (
				6DFC20892CDE664400F2EC33 /* AccessibilityStatement */,
				51BD760B2C466FCF0033365D /* AboutPage.swift */,
			);
			path = About;
			sourceTree = "<group>";
		};
		51BD760E2C466FCF0033365D /* Components */ = {
			isa = PBXGroup;
			children = (
				51BD760D2C466FCF0033365D /* ComponentsPage.swift */,
				074794792CAE882A0033C2D8 /* EmptyState.swift */,
			);
			path = Components;
			sourceTree = "<group>";
		};
		51BD76102C466FCF0033365D /* Tokens */ = {
			isa = PBXGroup;
			children = (
				07CF42832CA45DA9000BD03E /* Border */,
				075114DD2CB7FD7E00B8B759 /* Color */,
				077CCE562CB426090059CC28 /* Dimension */,
				07CF42752CA3F461000BD03E /* Elevation */,
				070DF8B02CDD07F20043D558 /* Grid */,
				07CF427C2CA412F5000BD03E /* Opacity */,
				073543192CA17388001187EA /* Typography */,
				073543222CA192F9001187EA /* TokenElement.swift */,
				07CF426A2CA30728000BD03E /* TokensPage.swift */,
			);
			path = Tokens;
			sourceTree = "<group>";
		};
		51BD76112C466FCF0033365D /* Pages */ = {
			isa = PBXGroup;
			children = (
				07CF42872CA55BB4000BD03E /* ThemeSelection */,
				073543142CA17244001187EA /* Utils */,
				51BD760C2C466FCF0033365D /* About */,
				51BD760E2C466FCF0033365D /* Components */,
				51BD76102C466FCF0033365D /* Tokens */,
			);
			path = Pages;
			sourceTree = "<group>";
		};
		51BD76132C466FCF0033365D /* Preview Content */ = {
			isa = PBXGroup;
			children = (
				51BD76122C466FCF0033365D /* Preview Assets.xcassets */,
			);
			path = "Preview Content";
			sourceTree = "<group>";
		};
		51BD761B2C466FCF0033365D /* Resources */ = {
			isa = PBXGroup;
			children = (
				6DFC209B2CDF92D500F2EC33 /* accessibilityStatement */,
				07CF42712CA31AC3000BD03E /* Assets.xcassets */,
				073543122CA1676C001187EA /* Colors.xcassets */,
				51BD76152C466FCF0033365D /* about_legal_information.html */,
				51BD76172C466FCF0033365D /* about_privacy_policy.html */,
				51BD761A2C466FCF0033365D /* Localizable.strings */,
			);
			path = Resources;
			sourceTree = "<group>";
		};
		51BD761D2C466FCF0033365D /* Utils */ = {
			isa = PBXGroup;
			children = (
				51BD761C2C466FCF0033365D /* WebView.swift */,
				51087A7A2C46DF9F00160CCF /* Bundle+extension.swift */,
			);
			path = Utils;
			sourceTree = "<group>";
		};
		51BD76202C466FCF0033365D /* Showcase */ = {
			isa = PBXGroup;
			children = (
				51A7A9DA2C46E17F00EF7A77 /* Info.plist */,
				51BD76112C466FCF0033365D /* Pages */,
				51BD76132C466FCF0033365D /* Preview Content */,
				51BD761B2C466FCF0033365D /* Resources */,
				51BD761D2C466FCF0033365D /* Utils */,
				51BD761E2C466FCF0033365D /* Showcase.swift */,
				51BD761F2C466FCF0033365D /* MainView.swift */,
			);
			path = Showcase;
			sourceTree = "<group>";
		};
		6D17A2242CCBEF1100C00512 /* OUDSTokensColorUITests */ = {
			isa = PBXGroup;
			children = (
				6D17A2292CCBEF6700C00512 /* OUDSTokensColorUITests.swift */,
			);
			path = OUDSTokensColorUITests;
			sourceTree = "<group>";
		};
		6D2465892CBEAB4C0023E359 /* OUDSTokensBorderUITests */ = {
			isa = PBXGroup;
			children = (
				6D3E872B2CCBE0A300AEB105 /* OUDSTokenBorderUITests.swift */,
			);
			path = OUDSTokensBorderUITests;
			sourceTree = "<group>";
		};
		6D8F9B392CBECBB80078A10E /* OUDSTokensOpacityUITests */ = {
			isa = PBXGroup;
			children = (
				6D17A21B2CCBE7E200C00512 /* OUDSTokensOpacityUITests.swift */,
			);
			path = OUDSTokensOpacityUITests;
			sourceTree = "<group>";
		};
		6D8F9B722CBED90D0078A10E /* OUDSTokensElevationUITests */ = {
			isa = PBXGroup;
			children = (
				6D17A2192CCBE74C00C00512 /* OUDSTokensElevationUITests.swift */,
			);
			path = OUDSTokensElevationUITests;
			sourceTree = "<group>";
		};
		6D8F9B9B2CBFB8830078A10E /* OUDSTokensDimensionUITests */ = {
			isa = PBXGroup;
			children = (
				6DED17E82CD1143500584BC9 /* OUDSTokensSizeUITests.swift */,
				6DED17EA2CD114AD00584BC9 /* OUDSTokensSpaceUITests.swift */,
			);
			path = OUDSTokensDimensionUITests;
			sourceTree = "<group>";
		};
		6D8F9BE42CBFC2F70078A10E /* OUDSTokensTypographyUITests */ = {
			isa = PBXGroup;
			children = (
				6D17A2172CCBE50700C00512 /* OUDSTypographyUITests.swift */,
			);
			path = OUDSTokensTypographyUITests;
			sourceTree = "<group>";
		};
		6DFC20892CDE664400F2EC33 /* AccessibilityStatement */ = {
			isa = PBXGroup;
			children = (
				6DFC208A2CDE669500F2EC33 /* AccessibilityStatementPage.swift */,
			);
			path = AccessibilityStatement;
			sourceTree = "<group>";
		};
		6DFC209B2CDF92D500F2EC33 /* accessibilityStatement */ = {
			isa = PBXGroup;
			children = (
				6DFC20BF2CE3D39D00F2EC33 /* accessibility_detail.html */,
				6DFC20C02CE3D39D00F2EC33 /* accessibility_result.xml */,
				6DFC20B02CE3AF1500F2EC33 /* boosted-grid.min.css */,
				6DFC20B12CE3AF1500F2EC33 /* favicon.ico */,
				6DFC20B22CE3AF1500F2EC33 /* orange-logo.svg */,
				6DFC20B32CE3AF1500F2EC33 /* pie.css */,
				6DFC20B42CE3AF1500F2EC33 /* style.css */,
			);
			path = accessibilityStatement;
			sourceTree = "<group>";
		};
		6DFC20892CDE664400F2EC33 /* AccessibilityStatement */ = {
			isa = PBXGroup;
			children = (
				6DFC208A2CDE669500F2EC33 /* AccessibilityStatementPage.swift */,
			);
			path = AccessibilityStatement;
			sourceTree = "<group>";
		};
		6DFC209B2CDF92D500F2EC33 /* accessibilityStatement */ = {
			isa = PBXGroup;
			children = (
				6DFC20BF2CE3D39D00F2EC33 /* accessibility_detail.html */,
				6DFC20C02CE3D39D00F2EC33 /* accessibility_result.xml */,
				6DFC20B02CE3AF1500F2EC33 /* boosted-grid.min.css */,
				6DFC20B12CE3AF1500F2EC33 /* favicon.ico */,
				6DFC20B22CE3AF1500F2EC33 /* orange-logo.svg */,
				6DFC20B32CE3AF1500F2EC33 /* pie.css */,
				6DFC20B42CE3AF1500F2EC33 /* style.css */,
			);
			path = accessibilityStatement;
			sourceTree = "<group>";
		};
		6E90D400B72B50FE406E8DFC /* Frameworks */ = {
			isa = PBXGroup;
			children = (
				E0D3017314DBC1733F8D0C79 /* Pods_Showcase.framework */,
			);
			name = Frameworks;
			sourceTree = "<group>";
		};
		AFD4931269C94655071502F6 /* Pods */ = {
			isa = PBXGroup;
			children = (
				BF4130905502F287757622E2 /* Pods-DemoApp.debug.xcconfig */,
				974E2EAB64D9123627CD7D29 /* Pods-DemoApp.release.xcconfig */,
				F98488CF05532E8CD405A8F8 /* Pods-Showcase.debug.xcconfig */,
				E4EBC0F46BFFE3801998F6B0 /* Pods-Showcase.release.xcconfig */,
			);
			path = Pods;
			sourceTree = "<group>";
		};
/* End PBXGroup section */

/* Begin PBXNativeTarget section */
		0740A98E2C9873500069D24A /* ShowcaseTests */ = {
			isa = PBXNativeTarget;
			buildConfigurationList = 0740A9952C9873500069D24A /* Build configuration list for PBXNativeTarget "ShowcaseTests" */;
			buildPhases = (
				0740A98B2C9873500069D24A /* Sources */,
				0740A98C2C9873500069D24A /* Frameworks */,
				0740A98D2C9873500069D24A /* Resources */,
			);
			buildRules = (
			);
			dependencies = (
				0740A9942C9873500069D24A /* PBXTargetDependency */,
			);
			name = ShowcaseTests;
			packageProductDependencies = (
				0740A9992C9874670069D24A /* SnapshotTesting */,
			);
			productName = "OUDS ShowcaseTests";
			productReference = 0740A98F2C9873500069D24A /* ShowcaseTests.xctest */;
			productType = "com.apple.product-type.bundle.unit-test";
		};
		07FDCD902C296A500009AA13 /* Showcase */ = {
			isa = PBXNativeTarget;
			buildConfigurationList = 07FDCD9F2C296A540009AA13 /* Build configuration list for PBXNativeTarget "Showcase" */;
			buildPhases = (
				2A5B2E6765E57E6A6B13CBA1 /* [CP] Check Pods Manifest.lock */,
				0707B6412C2C414200A911E7 /* Run Swiftlint */,
				07FDCD8D2C296A500009AA13 /* Sources */,
				07FDCD8E2C296A500009AA13 /* Frameworks */,
				07FDCD8F2C296A500009AA13 /* Resources */,
			);
			buildRules = (
			);
			dependencies = (
			);
			name = Showcase;
			packageProductDependencies = (
				510A9CCF2C5679A300430620 /* OUDSComponents */,
				513AD93F2C5AAADE0003253B /* OUDSTokensComponent */,
				51EE2C672C5BF5DE00F634EC /* OUDSThemesOrange */,
				51BC9DE62C6513F200EB2A11 /* OUDSFoundations */,
				070C35612C75EB1C0029C6A8 /* OUDS */,
				070C35632C773A0D0029C6A8 /* OUDSThemesInverse */,
				070C35652C7762B90029C6A8 /* OUDSModules */,
				6DFC20C42CE3D9AE00F2EC33 /* DeclarationAccessibility */,
			);
			productName = DemoApp;
			productReference = 07FDCD912C296A500009AA13 /* OUDS Showcase.app */;
			productType = "com.apple.product-type.application";
		};
/* End PBXNativeTarget section */

/* Begin PBXProject section */
		07FDCD892C296A500009AA13 /* Project object */ = {
			isa = PBXProject;
			attributes = {
				BuildIndependentTargetsInParallel = 1;
				LastSwiftUpdateCheck = 1540;
				LastUpgradeCheck = 1540;
				TargetAttributes = {
					0740A98E2C9873500069D24A = {
						CreatedOnToolsVersion = 15.4;
						TestTargetID = 07FDCD902C296A500009AA13;
					};
					07FDCD902C296A500009AA13 = {
						CreatedOnToolsVersion = 15.4;
					};
					5123647C2C3D7D6F00572FD5 = {
						CreatedOnToolsVersion = 15.4;
					};
				};
			};
			buildConfigurationList = 07FDCD8C2C296A500009AA13 /* Build configuration list for PBXProject "Showcase" */;
			compatibilityVersion = "Xcode 14.0";
			developmentRegion = en;
			hasScannedForEncodings = 0;
			knownRegions = (
				en,
				Base,
			);
			mainGroup = 07FDCD882C296A500009AA13;
			packageReferences = (
				0740080F2C94256C006B8729 /* XCRemoteSwiftPackageReference "swift-snapshot-testing" */,
				6DFC20C32CE3D9AE00F2EC33 /* XCRemoteSwiftPackageReference "accessibility-statement-lib-ios" */,
			);
			productRefGroup = 07FDCD922C296A500009AA13 /* Products */;
			projectDirPath = "";
			projectRoot = "";
			targets = (
				07FDCD902C296A500009AA13 /* Showcase */,
				5123647C2C3D7D6F00572FD5 /* Periphery */,
				0740A98E2C9873500069D24A /* ShowcaseTests */,
			);
		};
/* End PBXProject section */

/* Begin PBXResourcesBuildPhase section */
		0740A98D2C9873500069D24A /* Resources */ = {
			isa = PBXResourcesBuildPhase;
			buildActionMask = 2147483647;
			files = (
			);
			runOnlyForDeploymentPostprocessing = 0;
		};
		07FDCD8F2C296A500009AA13 /* Resources */ = {
			isa = PBXResourcesBuildPhase;
			buildActionMask = 2147483647;
			files = (
				073543132CA1676C001187EA /* Colors.xcassets in Resources */,
				6DFC20C12CE3D39D00F2EC33 /* accessibility_detail.html in Resources */,
				6DFC20C22CE3D39D00F2EC33 /* accessibility_result.xml in Resources */,
				5149BADB2C3D6F4F000FA4BF /* Podfile in Resources */,
				51BD76242C466FCF0033365D /* Preview Assets.xcassets in Resources */,
				51BD76252C466FCF0033365D /* about_legal_information.html in Resources */,
				5123647B2C3D7B3500572FD5 /* Gemfile.lock in Resources */,
				51BD76262C466FCF0033365D /* about_privacy_policy.html in Resources */,
				51BD76282C466FCF0033365D /* Localizable.strings in Resources */,
				07CF42722CA31AC3000BD03E /* Assets.xcassets in Resources */,
				6DFC20B52CE3AF1500F2EC33 /* boosted-grid.min.css in Resources */,
				6DFC20B62CE3AF1500F2EC33 /* favicon.ico in Resources */,
				6DFC20B72CE3AF1500F2EC33 /* pie.css in Resources */,
				6DFC20B82CE3AF1500F2EC33 /* style.css in Resources */,
				6DFC20B92CE3AF1500F2EC33 /* orange-logo.svg in Resources */,
				512364792C3D7B2D00572FD5 /* Podfile.lock in Resources */,
			);
			runOnlyForDeploymentPostprocessing = 0;
		};
/* End PBXResourcesBuildPhase section */

/* Begin PBXShellScriptBuildPhase section */
		0707B6412C2C414200A911E7 /* Run Swiftlint */ = {
			isa = PBXShellScriptBuildPhase;
			alwaysOutOfDate = 1;
			buildActionMask = 2147483647;
			files = (
			);
			inputFileListPaths = (
			);
			inputPaths = (
			);
			name = "Run Swiftlint";
			outputFileListPaths = (
			);
			outputPaths = (
			);
			runOnlyForDeploymentPostprocessing = 0;
			shellPath = /bin/sh;
			shellScript = "if which \"swiftlint\" >/dev/null; then\n    swiftlint --config ../.swiftlint.yml Showcase/*\n    swiftlint --config ../.swiftlint.yml OUDS/*\nelse\n    echo \"warning: SwiftLint not installed, download from CocoaPods (see https://github.com/realm/SwiftLint)\"\nfi\n";
		};
		2A5B2E6765E57E6A6B13CBA1 /* [CP] Check Pods Manifest.lock */ = {
			isa = PBXShellScriptBuildPhase;
			buildActionMask = 2147483647;
			files = (
			);
			inputFileListPaths = (
			);
			inputPaths = (
				"${PODS_PODFILE_DIR_PATH}/Podfile.lock",
				"${PODS_ROOT}/Manifest.lock",
			);
			name = "[CP] Check Pods Manifest.lock";
			outputFileListPaths = (
			);
			outputPaths = (
				"$(DERIVED_FILE_DIR)/Pods-Showcase-checkManifestLockResult.txt",
			);
			runOnlyForDeploymentPostprocessing = 0;
			shellPath = /bin/sh;
			shellScript = "diff \"${PODS_PODFILE_DIR_PATH}/Podfile.lock\" \"${PODS_ROOT}/Manifest.lock\" > /dev/null\nif [ $? != 0 ] ; then\n    # print error to STDERR\n    echo \"error: The sandbox is not in sync with the Podfile.lock. Run 'pod install' or update your CocoaPods installation.\" >&2\n    exit 1\nfi\n# This output is used by Xcode 'outputs' to avoid re-running this script phase.\necho \"SUCCESS\" > \"${SCRIPT_OUTPUT_FILE_0}\"\n";
			showEnvVarsInLog = 0;
		};
		512364802C3D7D8300572FD5 /* Run Periphery (for dead code analysis) */ = {
			isa = PBXShellScriptBuildPhase;
			buildActionMask = 2147483647;
			files = (
			);
			inputFileListPaths = (
			);
			inputPaths = (
			);
			name = "Run Periphery (for dead code analysis)";
			outputFileListPaths = (
			);
			outputPaths = (
			);
			runOnlyForDeploymentPostprocessing = 0;
			shellPath = /bin/sh;
			shellScript = "# Periphery action to look for dead code\nperiphery scan --strict --workspace DemoApp.xcworkspace --schemes DemoApp --targets DemoApp --format xcode\n";
		};
/* End PBXShellScriptBuildPhase section */

/* Begin PBXSourcesBuildPhase section */
		0740A98B2C9873500069D24A /* Sources */ = {
			isa = PBXSourcesBuildPhase;
			buildActionMask = 2147483647;
			files = (
				51ED41052CF8AF2C007AB814 /* NamedColor+Gradient.swift in Sources */,
				6D43136D2CEF400D004E6886 /* ShowcaseTokenCode.swift in Sources */,
				6DED17F12CD2641800584BC9 /* OpacityTokenElement.swift in Sources */,
				6DED17F02CD25CB000584BC9 /* TokenElement.swift in Sources */,
				6DED17EF2CD25B2200584BC9 /* SizeTokenElement.swift in Sources */,
				6DED17EE2CD23E5400584BC9 /* CardIllustration.swift in Sources */,
				6DED17ED2CD23D5200584BC9 /* ShowcaseElementPage.swift in Sources */,
				6DED17EC2CD23D3A00584BC9 /* ShowcaseElement.swift in Sources */,
				6DB260E62CD0F07D0091F72E /* NamedTypography+Illustration.swift in Sources */,
				6DB260DE2CD0F0520091F72E /* NameSpace+PaddingInlineWithIcon.swift in Sources */,
				07CAE76C2CEE210B00D6C5D1 /* ShowcaseTokkenIllustrationBackground.swift in Sources */,
				6DB260DF2CD0F0520091F72E /* NamedSpace+Fixed.swift in Sources */,
				6DB260E02CD0F0520091F72E /* NameSpace+PaddingInline.swift in Sources */,
				07CAE76D2CEE26AF00D6C5D1 /* NameSpace+GapInlineWithIcon.swift in Sources */,
				6DB260E12CD0F0520091F72E /* NameSpace+PaddingInset.swift in Sources */,
				6DB260E22CD0F0520091F72E /* NameSpace+PaddingStack.swift in Sources */,
				6DB260E32CD0F0520091F72E /* NameSpace+GapInline.swift in Sources */,
				6DED17EB2CD114AD00584BC9 /* OUDSTokensSpaceUITests.swift in Sources */,
				6DB260E42CD0F0520091F72E /* NameSpace+GapStack.swift in Sources */,
				6DB260E52CD0F0520091F72E /* NameSpace+PaddingInlineWithArrow.swift in Sources */,
				6DB260DD2CD0F01F0091F72E /* NamedSpace+Scaled.swift in Sources */,
				6DB260DC2CD0F0000091F72E /* ShowcaseSectionHeaderStyle.swift in Sources */,
				6DB260DB2CD0EFD90091F72E /* NamedSize+IconWithTypography.swift in Sources */,
				6DB260DA2CD0EF9D0091F72E /* NamedSize+IconDecorative.swift in Sources */,
				6DB260D92CD0E65F0091F72E /* NamedTypography.swift in Sources */,
				07CAE76E2CEE26C000D6C5D1 /* NameSpace+GapInlineWithArrow.swift in Sources */,
				6D17A2352CCF8DC300C00512 /* NamedColor.swift in Sources */,
				6D17A22C2CCBF12B00C00512 /* NamedColor+Action.swift in Sources */,
				6D17A22D2CCBF12B00C00512 /* NamedColor+Always.swift in Sources */,
				07CAE7692CEE20B200D6C5D1 /* SpaceGapTokenIllustrations.swift in Sources */,
				07CAE76A2CEE20B200D6C5D1 /* SpacePaddingTokenIllustrations.swift in Sources */,
				07CAE76B2CEE20B200D6C5D1 /* SpaceBasicTokenIllustrations.swift in Sources */,
				6D17A22E2CCBF12B00C00512 /* NamedColor+Background.swift in Sources */,
				6D17A22F2CCBF12B00C00512 /* NamedColor+Border.swift in Sources */,
				6D17A2302CCBF12B00C00512 /* NamedColor+Chart.swift in Sources */,
				0722151C2CF616B100B4E031 /* NameSpace+PaddingStackWithIcon.swift in Sources */,
				6D17A2312CCBF12B00C00512 /* NamedColor+Content.swift in Sources */,
				6D17A2332CCBF12B00C00512 /* NamedColor+Decorative.swift in Sources */,
				6D17A2342CCBF12B00C00512 /* NamedColor+Elevation.swift in Sources */,
				07CAE76F2CEE26D200D6C5D1 /* NameSpace+GapStackWithIcon.swift in Sources */,
				6D17A22B2CCBF0E200C00512 /* ColorTokenPage.swift in Sources */,
				6D17A2182CCBE50700C00512 /* OUDSTypographyUITests.swift in Sources */,
				07CAE7682CEE20A600D6C5D1 /* SpaceTokenCommonIllustration.swift in Sources */,
				6D17A21A2CCBE74C00C00512 /* OUDSTokensElevationUITests.swift in Sources */,
				6DED17E92CD1143500584BC9 /* OUDSTokensSizeUITests.swift in Sources */,
				6D17A22A2CCBEF6700C00512 /* OUDSTokensColorUITests.swift in Sources */,
				6DE5F47D2CC696120008E774 /* ThemeSelection.swift in Sources */,
				6D8F9C552CC1616E0078A10E /* TypographyTokenPage.swift in Sources */,
				6D8F9C542CC160660078A10E /* SpaceTokenPage.swift in Sources */,
				6D8F9C532CC160580078A10E /* SizeTokenPage.swift in Sources */,
				6D8F9C522CC15F960078A10E /* ElevationTokenPage.swift in Sources */,
				6D8F9C502CC14EBF0078A10E /* OpacityTokenPage.swift in Sources */,
				6D3E872C2CCBE0A300AEB105 /* OUDSTokenBorderUITests.swift in Sources */,
				6D8F9C4F2CBFDC8B0078A10E /* EmptyState.swift in Sources */,
				6D8F9C4E2CBFDC380078A10E /* ComponentsPage.swift in Sources */,
				6D17A21C2CCBE7E200C00512 /* OUDSTokensOpacityUITests.swift in Sources */,
				6D2465902CBEAEE40023E359 /* ShowcaseTokenIllustration.swift in Sources */,
				6D24658E2CBEAC750023E359 /* BorderTokenPage.swift in Sources */,
				0740A99B2C9874E70069D24A /* Snapshot.swift in Sources */,
			);
			runOnlyForDeploymentPostprocessing = 0;
		};
		07FDCD8D2C296A500009AA13 /* Sources */ = {
			isa = PBXSourcesBuildPhase;
			buildActionMask = 2147483647;
			files = (
				515FF21A2CF8924F0057A8C5 /* NamedColor+Gradient.swift in Sources */,
				07F75A3D2CC653BD0004F1AD /* NameSpace+PaddingInset.swift in Sources */,
				075C713B2CECC7DA00B93FC3 /* SpaceGapTokenIllustrations.swift in Sources */,
				075114DC2CB7D28D00B8B759 /* SizeTokenPage.swift in Sources */,
				07A8E92B2CE7A51D005B19E6 /* NameSpace+GapInlineWithArrow.swift in Sources */,
				077CCE592CB426090059CC28 /* DimensionTokenElement.swift in Sources */,
				07CF42852CA45DA9000BD03E /* BorderTokenPage.swift in Sources */,
				0765B4982CC15A4000E69359 /* NamedColor+Always.swift in Sources */,
				07A8E92D2CE7AB82005B19E6 /* NameSpace+GapStackWithIcon.swift in Sources */,
				07F75A392CC6462D0004F1AD /* NamedSpace+Fixed.swift in Sources */,
				07CF42842CA45DA9000BD03E /* BorderTokenElement.swift in Sources */,
				07CF42802CA41325000BD03E /* OpacityTokenPage.swift in Sources */,
				075114E02CB7FDC200B8B759 /* ColorTokenElement.swift in Sources */,
				07F75A3B2CC651EB0004F1AD /* NameSpace+PaddingInline.swift in Sources */,
				0747947A2CAE882A0033C2D8 /* EmptyState.swift in Sources */,
				51BD762B2C466FCF0033365D /* MainView.swift in Sources */,
				07CF42742CA3EC58000BD03E /* CardIllustration.swift in Sources */,
				07F0FA8A2CC935FF000F166F /* NameSpace+PaddingInlineWithIcon.swift in Sources */,
				07F0FA8C2CC9408C000F166F /* NameSpace+PaddingInlineWithArrow.swift in Sources */,
				07CF42782CA3F4BE000BD03E /* ElevationTokenElement.swift in Sources */,
				0765B4A42CC15C3E00E69359 /* NamedColor+Chart.swift in Sources */,
				07CF42792CA3F4BE000BD03E /* ElevationTokenPage.swift in Sources */,
				075114E12CB7FDC200B8B759 /* ColorTokenPage.swift in Sources */,
				0735432A2CA192F9001187EA /* TokenElement.swift in Sources */,
				07F7533B2CC785620007450D /* ShowcaseSectionHeaderStyle.swift in Sources */,
				073543182CA172CA001187EA /* TypographyTokenElement.swift in Sources */,
				077CCE5C2CB431C50059CC28 /* ShowcaseVariantElement.swift in Sources */,
				070DF8B12CDD07F20043D558 /* GrisTokenPage.swift in Sources */,
				070DF8B22CDD07F20043D558 /* GridTokenElement.swift in Sources */,
				077CCE582CB426090059CC28 /* SpaceTokenPage.swift in Sources */,
				07F75A3F2CC653CD0004F1AD /* NameSpace+GapInline.swift in Sources */,
				51BD76292C466FCF0033365D /* WebView.swift in Sources */,
				51BD76232C466FCF0033365D /* ShowcaseElementsPage.swift in Sources */,
				0765B49C2CC15B2E00E69359 /* NamedColor+Elevation.swift in Sources */,
				6DFC208B2CDE669500F2EC33 /* AccessibilityStatementPage.swift in Sources */,
				6DCC57E22CEB984D000F35F8 /* ShowcaseTokenCode.swift in Sources */,
				51E3FF0B2CAFD9AE00F1BC59 /* ShowcaseElementPage.swift in Sources */,
				0765B4942CC1597C00E69359 /* NamedColor+Background.swift in Sources */,
				075C71372CECC3D800B93FC3 /* SpacePaddingTokenIllustrations.swift in Sources */,
				075114DB2CB7D28D00B8B759 /* SizeTokenElement.swift in Sources */,
				073543162CA17275001187EA /* ShowcaseElement.swift in Sources */,
				0765B4A02CC15BBC00E69359 /* NamedColor+Content.swift in Sources */,
				0765B49A2CC15ACE00E69359 /* NamedColor+Border.swift in Sources */,
				51087A7B2C46DF9F00160CCF /* Bundle+extension.swift in Sources */,
				0765B4962CC159F600E69359 /* NamedColor+Action.swift in Sources */,
				0765B4A22CC15C0500E69359 /* NamedColor+OnContent.swift in Sources */,
				07A8E9232CE63607005B19E6 /* NameSpace+GapInlineWithIcon.swift in Sources */,
				0784B2782CCBDD8900299C10 /* NamedTypography+Illustration.swift in Sources */,
				077CCE572CB426090059CC28 /* SpaceTokenElement.swift in Sources */,
				0735431B2CA18C48001187EA /* TypographyTokenPage.swift in Sources */,
				07F75A412CC653EB0004F1AD /* NameSpace+GapStack.swift in Sources */,
				51BD76222C466FCF0033365D /* ComponentsPage.swift in Sources */,
				07CF42892CA55BC8000BD03E /* ThemeSelection.swift in Sources */,
				075114E82CB81F0E00B8B759 /* ShowcaseTokenIllustration.swift in Sources */,
				07CF427F2CA41325000BD03E /* OpacityTokenElement.swift in Sources */,
				0722151D2CF616B100B4E031 /* NameSpace+PaddingStackWithIcon.swift in Sources */,
				07CF426B2CA30728000BD03E /* TokensPage.swift in Sources */,
				07F75A372CC644C80004F1AD /* NamedSpace+Scaled.swift in Sources */,
				0765B4A62CC15C9D00E69359 /* NamedColor.swift in Sources */,
				073543112CA154DE001187EA /* Card.swift in Sources */,
				51BD76212C466FCF0033365D /* AboutPage.swift in Sources */,
				075C71392CECC50F00B93FC3 /* SpaceBasicTokenIllustrations.swift in Sources */,
				0784B2732CCB8CC800299C10 /* NamedSize+IconDecorative.swift in Sources */,
				51BD762A2C466FCF0033365D /* Showcase.swift in Sources */,
				0765B49E2CC15B7E00E69359 /* NamedColor+Decorative.swift in Sources */,
				07F75A432CC654050004F1AD /* NameSpace+PaddingStack.swift in Sources */,
				0784B2762CCBD9C300299C10 /* NamedTypography.swift in Sources */,
				0784B2712CCB86C500299C10 /* NamedSize+IconWithTypography.swift in Sources */,
				075C71352CEB9BD200B93FC3 /* ShowcaseTokkenIllustrationBackground.swift in Sources */,
				075C71332CEB743300B93FC3 /* SpaceTokenCommonIllustration.swift in Sources */,
			);
			runOnlyForDeploymentPostprocessing = 0;
		};
/* End PBXSourcesBuildPhase section */

/* Begin PBXTargetDependency section */
		0740A9942C9873500069D24A /* PBXTargetDependency */ = {
			isa = PBXTargetDependency;
			target = 07FDCD902C296A500009AA13 /* Showcase */;
			targetProxy = 0740A9932C9873500069D24A /* PBXContainerItemProxy */;
		};
/* End PBXTargetDependency section */

/* Begin PBXVariantGroup section */
		51BD76152C466FCF0033365D /* about_legal_information.html */ = {
			isa = PBXVariantGroup;
			children = (
				51BD76142C466FCF0033365D /* en */,
			);
			name = about_legal_information.html;
			sourceTree = "<group>";
		};
		51BD76172C466FCF0033365D /* about_privacy_policy.html */ = {
			isa = PBXVariantGroup;
			children = (
				51BD76162C466FCF0033365D /* en */,
			);
			name = about_privacy_policy.html;
			sourceTree = "<group>";
		};
		51BD761A2C466FCF0033365D /* Localizable.strings */ = {
			isa = PBXVariantGroup;
			children = (
				51BD76192C466FCF0033365D /* en */,
			);
			name = Localizable.strings;
			sourceTree = "<group>";
		};
/* End PBXVariantGroup section */

/* Begin XCBuildConfiguration section */
		0740A9962C9873500069D24A /* Debug */ = {
			isa = XCBuildConfiguration;
			buildSettings = {
				BUNDLE_LOADER = "$(TEST_HOST)";
				CODE_SIGN_STYLE = Automatic;
				CURRENT_PROJECT_VERSION = 1;
				DEVELOPMENT_TEAM = MG2LSJNJB6;
				ENABLE_USER_SCRIPT_SANDBOXING = YES;
				GENERATE_INFOPLIST_FILE = YES;
				IPHONEOS_DEPLOYMENT_TARGET = 15.0;
				MARKETING_VERSION = 1.0;
				PRODUCT_BUNDLE_IDENTIFIER = "com.orange.uds.demoapp.SnapshotTests.OUDS-ShowcaseTests";
				PRODUCT_NAME = "$(TARGET_NAME)";
				SUPPORTED_PLATFORMS = "iphoneos iphonesimulator";
				SUPPORTS_MACCATALYST = NO;
				SUPPORTS_MAC_DESIGNED_FOR_IPHONE_IPAD = NO;
				SUPPORTS_XR_DESIGNED_FOR_IPHONE_IPAD = NO;
				SWIFT_EMIT_LOC_STRINGS = NO;
				SWIFT_VERSION = 6.0;
				TARGETED_DEVICE_FAMILY = "1,2";
				TEST_HOST = "$(BUILT_PRODUCTS_DIR)/OUDS Showcase.app/$(BUNDLE_EXECUTABLE_FOLDER_PATH)/OUDS Showcase";
			};
			name = Debug;
		};
		0740A9972C9873500069D24A /* Release */ = {
			isa = XCBuildConfiguration;
			buildSettings = {
				BUNDLE_LOADER = "$(TEST_HOST)";
				CODE_SIGN_STYLE = Automatic;
				CURRENT_PROJECT_VERSION = 1;
				DEVELOPMENT_TEAM = MG2LSJNJB6;
				ENABLE_USER_SCRIPT_SANDBOXING = YES;
				GENERATE_INFOPLIST_FILE = YES;
				IPHONEOS_DEPLOYMENT_TARGET = 15.0;
				MARKETING_VERSION = 1.0;
				PRODUCT_BUNDLE_IDENTIFIER = "com.orange.uds.demoapp.SnapshotTests.OUDS-ShowcaseTests";
				PRODUCT_NAME = "$(TARGET_NAME)";
				SUPPORTED_PLATFORMS = "iphoneos iphonesimulator";
				SUPPORTS_MACCATALYST = NO;
				SUPPORTS_MAC_DESIGNED_FOR_IPHONE_IPAD = NO;
				SUPPORTS_XR_DESIGNED_FOR_IPHONE_IPAD = NO;
				SWIFT_EMIT_LOC_STRINGS = NO;
				SWIFT_VERSION = 6.0;
				TARGETED_DEVICE_FAMILY = "1,2";
				TEST_HOST = "$(BUILT_PRODUCTS_DIR)/OUDS Showcase.app/$(BUNDLE_EXECUTABLE_FOLDER_PATH)/OUDS Showcase";
			};
			name = Release;
		};
		07FDCD9D2C296A540009AA13 /* Debug */ = {
			isa = XCBuildConfiguration;
			buildSettings = {
				ALWAYS_SEARCH_USER_PATHS = NO;
				ASSETCATALOG_COMPILER_GENERATE_SWIFT_ASSET_SYMBOL_EXTENSIONS = YES;
				CLANG_ANALYZER_NONNULL = YES;
				CLANG_ANALYZER_NUMBER_OBJECT_CONVERSION = YES_AGGRESSIVE;
				CLANG_CXX_LANGUAGE_STANDARD = "gnu++20";
				CLANG_ENABLE_MODULES = YES;
				CLANG_ENABLE_OBJC_ARC = YES;
				CLANG_ENABLE_OBJC_WEAK = YES;
				CLANG_WARN_BLOCK_CAPTURE_AUTORELEASING = YES;
				CLANG_WARN_BOOL_CONVERSION = YES;
				CLANG_WARN_COMMA = YES;
				CLANG_WARN_CONSTANT_CONVERSION = YES;
				CLANG_WARN_DEPRECATED_OBJC_IMPLEMENTATIONS = YES;
				CLANG_WARN_DIRECT_OBJC_ISA_USAGE = YES_ERROR;
				CLANG_WARN_DOCUMENTATION_COMMENTS = YES;
				CLANG_WARN_EMPTY_BODY = YES;
				CLANG_WARN_ENUM_CONVERSION = YES;
				CLANG_WARN_INFINITE_RECURSION = YES;
				CLANG_WARN_INT_CONVERSION = YES;
				CLANG_WARN_NON_LITERAL_NULL_CONVERSION = YES;
				CLANG_WARN_OBJC_IMPLICIT_RETAIN_SELF = YES;
				CLANG_WARN_OBJC_LITERAL_CONVERSION = YES;
				CLANG_WARN_OBJC_ROOT_CLASS = YES_ERROR;
				CLANG_WARN_QUOTED_INCLUDE_IN_FRAMEWORK_HEADER = YES;
				CLANG_WARN_RANGE_LOOP_ANALYSIS = YES;
				CLANG_WARN_STRICT_PROTOTYPES = YES;
				CLANG_WARN_SUSPICIOUS_MOVE = YES;
				CLANG_WARN_UNGUARDED_AVAILABILITY = YES_AGGRESSIVE;
				CLANG_WARN_UNREACHABLE_CODE = YES;
				CLANG_WARN__DUPLICATE_METHOD_MATCH = YES;
				COPY_PHASE_STRIP = NO;
				DEBUG_INFORMATION_FORMAT = dwarf;
				ENABLE_STRICT_OBJC_MSGSEND = YES;
				ENABLE_TESTABILITY = YES;
				ENABLE_USER_SCRIPT_SANDBOXING = NO;
				GCC_C_LANGUAGE_STANDARD = gnu17;
				GCC_DYNAMIC_NO_PIC = NO;
				GCC_NO_COMMON_BLOCKS = YES;
				GCC_OPTIMIZATION_LEVEL = 0;
				GCC_PREPROCESSOR_DEFINITIONS = (
					"DEBUG=1",
					"$(inherited)",
				);
				GCC_WARN_64_TO_32_BIT_CONVERSION = YES;
				GCC_WARN_ABOUT_RETURN_TYPE = YES_ERROR;
				GCC_WARN_UNDECLARED_SELECTOR = YES;
				GCC_WARN_UNINITIALIZED_AUTOS = YES_AGGRESSIVE;
				GCC_WARN_UNUSED_FUNCTION = YES;
				GCC_WARN_UNUSED_VARIABLE = YES;
				IPHONEOS_DEPLOYMENT_TARGET = 15.0;
				LOCALIZATION_PREFERS_STRING_CATALOGS = YES;
				MTL_ENABLE_DEBUG_INFO = INCLUDE_SOURCE;
				MTL_FAST_MATH = YES;
				ONLY_ACTIVE_ARCH = YES;
				SDKROOT = iphoneos;
				SWIFT_ACTIVE_COMPILATION_CONDITIONS = "DEBUG $(inherited)";
				SWIFT_OPTIMIZATION_LEVEL = "-Onone";
			};
			name = Debug;
		};
		07FDCD9E2C296A540009AA13 /* Release */ = {
			isa = XCBuildConfiguration;
			buildSettings = {
				ALWAYS_SEARCH_USER_PATHS = NO;
				ASSETCATALOG_COMPILER_GENERATE_SWIFT_ASSET_SYMBOL_EXTENSIONS = YES;
				CLANG_ANALYZER_NONNULL = YES;
				CLANG_ANALYZER_NUMBER_OBJECT_CONVERSION = YES_AGGRESSIVE;
				CLANG_CXX_LANGUAGE_STANDARD = "gnu++20";
				CLANG_ENABLE_MODULES = YES;
				CLANG_ENABLE_OBJC_ARC = YES;
				CLANG_ENABLE_OBJC_WEAK = YES;
				CLANG_WARN_BLOCK_CAPTURE_AUTORELEASING = YES;
				CLANG_WARN_BOOL_CONVERSION = YES;
				CLANG_WARN_COMMA = YES;
				CLANG_WARN_CONSTANT_CONVERSION = YES;
				CLANG_WARN_DEPRECATED_OBJC_IMPLEMENTATIONS = YES;
				CLANG_WARN_DIRECT_OBJC_ISA_USAGE = YES_ERROR;
				CLANG_WARN_DOCUMENTATION_COMMENTS = YES;
				CLANG_WARN_EMPTY_BODY = YES;
				CLANG_WARN_ENUM_CONVERSION = YES;
				CLANG_WARN_INFINITE_RECURSION = YES;
				CLANG_WARN_INT_CONVERSION = YES;
				CLANG_WARN_NON_LITERAL_NULL_CONVERSION = YES;
				CLANG_WARN_OBJC_IMPLICIT_RETAIN_SELF = YES;
				CLANG_WARN_OBJC_LITERAL_CONVERSION = YES;
				CLANG_WARN_OBJC_ROOT_CLASS = YES_ERROR;
				CLANG_WARN_QUOTED_INCLUDE_IN_FRAMEWORK_HEADER = YES;
				CLANG_WARN_RANGE_LOOP_ANALYSIS = YES;
				CLANG_WARN_STRICT_PROTOTYPES = YES;
				CLANG_WARN_SUSPICIOUS_MOVE = YES;
				CLANG_WARN_UNGUARDED_AVAILABILITY = YES_AGGRESSIVE;
				CLANG_WARN_UNREACHABLE_CODE = YES;
				CLANG_WARN__DUPLICATE_METHOD_MATCH = YES;
				COPY_PHASE_STRIP = NO;
				DEBUG_INFORMATION_FORMAT = "dwarf-with-dsym";
				ENABLE_NS_ASSERTIONS = NO;
				ENABLE_STRICT_OBJC_MSGSEND = YES;
				ENABLE_USER_SCRIPT_SANDBOXING = NO;
				GCC_C_LANGUAGE_STANDARD = gnu17;
				GCC_NO_COMMON_BLOCKS = YES;
				GCC_WARN_64_TO_32_BIT_CONVERSION = YES;
				GCC_WARN_ABOUT_RETURN_TYPE = YES_ERROR;
				GCC_WARN_UNDECLARED_SELECTOR = YES;
				GCC_WARN_UNINITIALIZED_AUTOS = YES_AGGRESSIVE;
				GCC_WARN_UNUSED_FUNCTION = YES;
				GCC_WARN_UNUSED_VARIABLE = YES;
				IPHONEOS_DEPLOYMENT_TARGET = 15.0;
				LOCALIZATION_PREFERS_STRING_CATALOGS = YES;
				MTL_ENABLE_DEBUG_INFO = NO;
				MTL_FAST_MATH = YES;
				SDKROOT = iphoneos;
				SWIFT_COMPILATION_MODE = wholemodule;
				VALIDATE_PRODUCT = YES;
			};
			name = Release;
		};
		07FDCDA02C296A540009AA13 /* Debug */ = {
			isa = XCBuildConfiguration;
			baseConfigurationReference = F98488CF05532E8CD405A8F8 /* Pods-Showcase.debug.xcconfig */;
			buildSettings = {
				ASSETCATALOG_COMPILER_APPICON_NAME = AppIconDebug;
				ASSETCATALOG_COMPILER_GLOBAL_ACCENT_COLOR_NAME = AccentColor;
				ASSETCATALOG_COMPILER_INCLUDE_ALL_APPICON_ASSETS = YES;
				CODE_SIGN_STYLE = Automatic;
				CURRENT_PROJECT_VERSION = 15;
				DEVELOPMENT_ASSET_PATHS = "\"Showcase/Preview Content\"";
				DEVELOPMENT_TEAM = MG2LSJNJB6;
				ENABLE_PREVIEWS = YES;
				GENERATE_INFOPLIST_FILE = NO;
				INFOPLIST_FILE = Showcase/Info.plist;
				INFOPLIST_KEY_CFBundleDisplayName = "OUDS Showcase (DEBUG)";
				INFOPLIST_KEY_UIApplicationSceneManifest_Generation = YES;
				INFOPLIST_KEY_UIApplicationSupportsIndirectInputEvents = YES;
				INFOPLIST_KEY_UILaunchScreen_Generation = YES;
				INFOPLIST_KEY_UISupportedInterfaceOrientations_iPad = "UIInterfaceOrientationPortrait UIInterfaceOrientationPortraitUpsideDown UIInterfaceOrientationLandscapeLeft UIInterfaceOrientationLandscapeRight";
				INFOPLIST_KEY_UISupportedInterfaceOrientations_iPhone = "UIInterfaceOrientationPortrait UIInterfaceOrientationLandscapeLeft UIInterfaceOrientationLandscapeRight";
				LD_RUNPATH_SEARCH_PATHS = (
					"$(inherited)",
					"@executable_path/Frameworks",
				);
				MARKETING_VERSION = 0.7.0;
				PRODUCT_BUNDLE_IDENTIFIER = "com.orange.ouds.demoapp-debug";
				PRODUCT_NAME = "OUDS Showcase";
				SUPPORTED_PLATFORMS = "iphoneos iphonesimulator";
				SUPPORTS_MACCATALYST = NO;
				SUPPORTS_MAC_DESIGNED_FOR_IPHONE_IPAD = NO;
				SUPPORTS_XR_DESIGNED_FOR_IPHONE_IPAD = NO;
				SWIFT_EMIT_LOC_STRINGS = YES;
				SWIFT_VERSION = 6.0;
				TARGETED_DEVICE_FAMILY = "1,2";
			};
			name = Debug;
		};
		07FDCDA12C296A540009AA13 /* Release */ = {
			isa = XCBuildConfiguration;
			baseConfigurationReference = E4EBC0F46BFFE3801998F6B0 /* Pods-Showcase.release.xcconfig */;
			buildSettings = {
				ASSETCATALOG_COMPILER_APPICON_NAME = AppIconRelease;
				ASSETCATALOG_COMPILER_GLOBAL_ACCENT_COLOR_NAME = AccentColor;
				ASSETCATALOG_COMPILER_INCLUDE_ALL_APPICON_ASSETS = YES;
				"CODE_SIGN_IDENTITY[sdk=iphoneos*]" = "iPhone Distribution";
				CODE_SIGN_STYLE = Manual;
				CURRENT_PROJECT_VERSION = 15;
				DEVELOPMENT_ASSET_PATHS = "\"Showcase/Preview Content\"";
				DEVELOPMENT_TEAM = "";
				"DEVELOPMENT_TEAM[sdk=iphoneos*]" = MG2LSJNJB6;
				ENABLE_PREVIEWS = YES;
				GENERATE_INFOPLIST_FILE = NO;
				INFOPLIST_FILE = Showcase/Info.plist;
				INFOPLIST_KEY_CFBundleDisplayName = "OUDS Showcase (DEBUG)";
				INFOPLIST_KEY_UIApplicationSceneManifest_Generation = YES;
				INFOPLIST_KEY_UIApplicationSupportsIndirectInputEvents = YES;
				INFOPLIST_KEY_UILaunchScreen_Generation = YES;
				INFOPLIST_KEY_UISupportedInterfaceOrientations_iPad = "UIInterfaceOrientationPortrait UIInterfaceOrientationPortraitUpsideDown UIInterfaceOrientationLandscapeLeft UIInterfaceOrientationLandscapeRight";
				INFOPLIST_KEY_UISupportedInterfaceOrientations_iPhone = "UIInterfaceOrientationPortrait UIInterfaceOrientationLandscapeLeft UIInterfaceOrientationLandscapeRight";
				LD_RUNPATH_SEARCH_PATHS = (
					"$(inherited)",
					"@executable_path/Frameworks",
				);
				MARKETING_VERSION = 0.7.0;
				PRODUCT_BUNDLE_IDENTIFIER = com.orange.ouds.demoapp;
				PRODUCT_NAME = "OUDS Showcase";
				PROVISIONING_PROFILE_SPECIFIER = "";
				"PROVISIONING_PROFILE_SPECIFIER[sdk=iphoneos*]" = "OUDS demo app (release)";
				SUPPORTED_PLATFORMS = "iphoneos iphonesimulator";
				SUPPORTS_MACCATALYST = NO;
				SUPPORTS_MAC_DESIGNED_FOR_IPHONE_IPAD = NO;
				SUPPORTS_XR_DESIGNED_FOR_IPHONE_IPAD = NO;
				SWIFT_EMIT_LOC_STRINGS = YES;
				SWIFT_VERSION = 6.0;
				TARGETED_DEVICE_FAMILY = "1,2";
			};
			name = Release;
		};
		5123647E2C3D7D6F00572FD5 /* Debug */ = {
			isa = XCBuildConfiguration;
			buildSettings = {
				CODE_SIGN_STYLE = Automatic;
				PRODUCT_NAME = "$(TARGET_NAME)";
			};
			name = Debug;
		};
		5123647F2C3D7D6F00572FD5 /* Release */ = {
			isa = XCBuildConfiguration;
			buildSettings = {
				CODE_SIGN_STYLE = Automatic;
				PRODUCT_NAME = "$(TARGET_NAME)";
			};
			name = Release;
		};
/* End XCBuildConfiguration section */

/* Begin XCConfigurationList section */
		0740A9952C9873500069D24A /* Build configuration list for PBXNativeTarget "ShowcaseTests" */ = {
			isa = XCConfigurationList;
			buildConfigurations = (
				0740A9962C9873500069D24A /* Debug */,
				0740A9972C9873500069D24A /* Release */,
			);
			defaultConfigurationIsVisible = 0;
			defaultConfigurationName = Release;
		};
		07FDCD8C2C296A500009AA13 /* Build configuration list for PBXProject "Showcase" */ = {
			isa = XCConfigurationList;
			buildConfigurations = (
				07FDCD9D2C296A540009AA13 /* Debug */,
				07FDCD9E2C296A540009AA13 /* Release */,
			);
			defaultConfigurationIsVisible = 0;
			defaultConfigurationName = Release;
		};
		07FDCD9F2C296A540009AA13 /* Build configuration list for PBXNativeTarget "Showcase" */ = {
			isa = XCConfigurationList;
			buildConfigurations = (
				07FDCDA02C296A540009AA13 /* Debug */,
				07FDCDA12C296A540009AA13 /* Release */,
			);
			defaultConfigurationIsVisible = 0;
			defaultConfigurationName = Release;
		};
		5123647D2C3D7D6F00572FD5 /* Build configuration list for PBXAggregateTarget "Periphery" */ = {
			isa = XCConfigurationList;
			buildConfigurations = (
				5123647E2C3D7D6F00572FD5 /* Debug */,
				5123647F2C3D7D6F00572FD5 /* Release */,
			);
			defaultConfigurationIsVisible = 0;
			defaultConfigurationName = Release;
		};
/* End XCConfigurationList section */

/* Begin XCRemoteSwiftPackageReference section */
		0740080F2C94256C006B8729 /* XCRemoteSwiftPackageReference "swift-snapshot-testing" */ = {
			isa = XCRemoteSwiftPackageReference;
			repositoryURL = "https://github.com/pointfreeco/swift-snapshot-testing.git";
			requirement = {
				kind = exactVersion;
				version = 1.17.6;
			};
		};
		6DFC20C32CE3D9AE00F2EC33 /* XCRemoteSwiftPackageReference "accessibility-statement-lib-ios" */ = {
			isa = XCRemoteSwiftPackageReference;
			repositoryURL = "https://github.com/Orange-OpenSource/accessibility-statement-lib-ios.git";
			requirement = {
				kind = exactVersion;
				version = 1.3.0;
			};
		};
/* End XCRemoteSwiftPackageReference section */

/* Begin XCSwiftPackageProductDependency section */
		070C35612C75EB1C0029C6A8 /* OUDS */ = {
			isa = XCSwiftPackageProductDependency;
			productName = OUDS;
		};
		070C35632C773A0D0029C6A8 /* OUDSThemesInverse */ = {
			isa = XCSwiftPackageProductDependency;
			productName = OUDSThemesInverse;
		};
		070C35652C7762B90029C6A8 /* OUDSModules */ = {
			isa = XCSwiftPackageProductDependency;
			productName = OUDSModules;
		};
		0740A9992C9874670069D24A /* SnapshotTesting */ = {
			isa = XCSwiftPackageProductDependency;
			package = 0740080F2C94256C006B8729 /* XCRemoteSwiftPackageReference "swift-snapshot-testing" */;
			productName = SnapshotTesting;
		};
		510A9CCF2C5679A300430620 /* OUDSComponents */ = {
			isa = XCSwiftPackageProductDependency;
			productName = OUDSComponents;
		};
		513AD93F2C5AAADE0003253B /* OUDSTokensComponent */ = {
			isa = XCSwiftPackageProductDependency;
			productName = OUDSTokensComponent;
		};
		51BC9DE62C6513F200EB2A11 /* OUDSFoundations */ = {
			isa = XCSwiftPackageProductDependency;
			productName = OUDSFoundations;
		};
		51EE2C672C5BF5DE00F634EC /* OUDSThemesOrange */ = {
			isa = XCSwiftPackageProductDependency;
			productName = OUDSThemesOrange;
		};
		6DFC20C42CE3D9AE00F2EC33 /* DeclarationAccessibility */ = {
			isa = XCSwiftPackageProductDependency;
			package = 6DFC20C32CE3D9AE00F2EC33 /* XCRemoteSwiftPackageReference "accessibility-statement-lib-ios" */;
			productName = DeclarationAccessibility;
		};
/* End XCSwiftPackageProductDependency section */
	};
	rootObject = 07FDCD892C296A500009AA13 /* Project object */;
}
